// !$*UTF8*$!
{
	archiveVersion = 1;
	classes = {
	};
	objectVersion = 46;
	objects = {

/* Begin PBXFileReference section */
		CFA3388D13417AB1006A2785 /* AUTHORS */ = {isa = PBXFileReference; lastKnownFileType = text; path = AUTHORS; sourceTree = "<group>"; };
		CFA3388F13417AB1006A2785 /* blockhost */ = {isa = PBXFileReference; lastKnownFileType = text.script.sh; path = blockhost; sourceTree = "<group>"; };
		CFA3389013417AB1006A2785 /* chown_block */ = {isa = PBXFileReference; lastKnownFileType = text.script.perl; path = chown_block; sourceTree = "<group>"; };
		CFA3389113417AB1006A2785 /* cjob */ = {isa = PBXFileReference; lastKnownFileType = text.script.sh; path = cjob; sourceTree = "<group>"; };
		CFA3389213417AB1006A2785 /* ctask */ = {isa = PBXFileReference; lastKnownFileType = text.script.sh; path = ctask; sourceTree = "<group>"; };
		CFA3389313417AB1006A2785 /* drqman */ = {isa = PBXFileReference; lastKnownFileType = text.script.sh; path = drqman; sourceTree = "<group>"; };
		CFA3389413417AB1006A2785 /* drqman_win.sh */ = {isa = PBXFileReference; lastKnownFileType = text.script.sh; path = drqman_win.sh; sourceTree = "<group>"; };
		CFA3389513417AB1006A2785 /* jobfinfo */ = {isa = PBXFileReference; lastKnownFileType = text.script.sh; path = jobfinfo; sourceTree = "<group>"; };
		CFA3389613417AB1006A2785 /* jobinfo */ = {isa = PBXFileReference; lastKnownFileType = text.script.sh; path = jobinfo; sourceTree = "<group>"; };
		CFA3389713417AB1006A2785 /* master */ = {isa = PBXFileReference; lastKnownFileType = text.script.sh; path = master; sourceTree = "<group>"; };
		CFA3389813417AB1006A2785 /* master_osx.sh */ = {isa = PBXFileReference; lastKnownFileType = text.script.sh; path = master_osx.sh; sourceTree = "<group>"; };
		CFA3389913417AB1006A2785 /* master_win.sh */ = {isa = PBXFileReference; lastKnownFileType = text.script.sh; path = master_win.sh; sourceTree = "<group>"; };
		CFA3389A13417AB1006A2785 /* requeue */ = {isa = PBXFileReference; lastKnownFileType = text.script.sh; path = requeue; sourceTree = "<group>"; };
		CFA3389B13417AB1006A2785 /* sendjob */ = {isa = PBXFileReference; lastKnownFileType = text.script.sh; path = sendjob; sourceTree = "<group>"; };
		CFA3389C13417AB1006A2785 /* shlib */ = {isa = PBXFileReference; lastKnownFileType = text.script.sh; path = shlib; sourceTree = "<group>"; };
		CFA3389D13417AB1006A2785 /* slave */ = {isa = PBXFileReference; lastKnownFileType = text.script.sh; path = slave; sourceTree = "<group>"; };
		CFA3389E13417AB1006A2785 /* slave_osx.sh */ = {isa = PBXFileReference; lastKnownFileType = text.script.sh; path = slave_osx.sh; sourceTree = "<group>"; };
		CFA3389F13417AB1006A2785 /* slave_wait_for_master.sh */ = {isa = PBXFileReference; lastKnownFileType = text.script.sh; path = slave_wait_for_master.sh; sourceTree = "<group>"; };
		CFA338A013417AB1006A2785 /* slave_win.sh */ = {isa = PBXFileReference; lastKnownFileType = text.script.sh; path = slave_win.sh; sourceTree = "<group>"; };
		CFA338A213417AB1006A2785 /* imf_batch */ = {isa = PBXFileReference; lastKnownFileType = text.script.csh; path = imf_batch; sourceTree = "<group>"; };
		CFA338A313417AB1006A2785 /* writedefaultenv.py */ = {isa = PBXFileReference; lastKnownFileType = text.script.python; path = writedefaultenv.py; sourceTree = "<group>"; };
		CFA338A513417AB1006A2785 /* blockhost.c */ = {isa = PBXFileReference; lastKnownFileType = sourcecode.c.c; path = blockhost.c; sourceTree = "<group>"; };
		CFA338A813417AB1006A2785 /* cfgreader.c */ = {isa = PBXFileReference; lastKnownFileType = sourcecode.c.c; path = cfgreader.c; sourceTree = "<group>"; };
		CFA338AA13417AB1006A2785 /* ChangeLog */ = {isa = PBXFileReference; lastKnownFileType = text; path = ChangeLog; sourceTree = "<group>"; };
		CFA338AC13417AB1006A2785 /* cjob.c */ = {isa = PBXFileReference; lastKnownFileType = sourcecode.c.c; path = cjob.c; sourceTree = "<group>"; };
		CFA338AF13417AB1006A2785 /* compinfo.c */ = {isa = PBXFileReference; lastKnownFileType = sourcecode.c.c; path = compinfo.c; sourceTree = "<group>"; };
		CFA338B113417AB2006A2785 /* config.log */ = {isa = PBXFileReference; lastKnownFileType = text; path = config.log; sourceTree = "<group>"; };
		CFA338B413417AB2006A2785 /* fedora.template */ = {isa = PBXFileReference; lastKnownFileType = text.script.sh; path = fedora.template; sourceTree = "<group>"; };
		CFA338B613417AB2006A2785 /* drqueue-0.64.3.ebuild */ = {isa = PBXFileReference; lastKnownFileType = text; path = "drqueue-0.64.3.ebuild"; sourceTree = "<group>"; };
		CFA338B813417AB2006A2785 /* conf-drqmd-0.64.3 */ = {isa = PBXFileReference; lastKnownFileType = text; path = "conf-drqmd-0.64.3"; sourceTree = "<group>"; };
		CFA338B913417AB2006A2785 /* conf-drqsd-0.64.3 */ = {isa = PBXFileReference; lastKnownFileType = text; path = "conf-drqsd-0.64.3"; sourceTree = "<group>"; };
		CFA338BA13417AB2006A2785 /* drqueue-0.64.3_mips_linux.patch */ = {isa = PBXFileReference; lastKnownFileType = text; path = "drqueue-0.64.3_mips_linux.patch"; sourceTree = "<group>"; };
		CFA338BB13417AB2006A2785 /* init-drqmd-0.64.3 */ = {isa = PBXFileReference; lastKnownFileType = text; path = "init-drqmd-0.64.3"; sourceTree = "<group>"; };
		CFA338BC13417AB2006A2785 /* init-drqsd-0.64.3 */ = {isa = PBXFileReference; lastKnownFileType = text; path = "init-drqsd-0.64.3"; sourceTree = "<group>"; };
		CFA338BD13417AB2006A2785 /* SConstruct.patch */ = {isa = PBXFileReference; lastKnownFileType = text; path = SConstruct.patch; sourceTree = "<group>"; };
		CFA338BF13417AB2006A2785 /* install_launchd.sh */ = {isa = PBXFileReference; lastKnownFileType = text.script.sh; path = install_launchd.sh; sourceTree = "<group>"; };
		CFA338C013417AB2006A2785 /* org.drqueue.master.plist */ = {isa = PBXFileReference; lastKnownFileType = text.plist.xml; path = org.drqueue.master.plist; sourceTree = "<group>"; };
		CFA338C113417AB2006A2785 /* org.drqueue.Slave.plist */ = {isa = PBXFileReference; lastKnownFileType = text.plist.xml; path = org.drqueue.Slave.plist; sourceTree = "<group>"; };
		CFA338C213417AB2006A2785 /* sendjob.blender.py */ = {isa = PBXFileReference; lastKnownFileType = text.script.python; path = sendjob.blender.py; sourceTree = "<group>"; };
		CFA338C413417AB2006A2785 /* build_services.sh */ = {isa = PBXFileReference; lastKnownFileType = text.script.sh; path = build_services.sh; sourceTree = "<group>"; };
		CFA338C613417AB2006A2785 /* AssemblyInfo.cs */ = {isa = PBXFileReference; lastKnownFileType = text; path = AssemblyInfo.cs; sourceTree = "<group>"; };
		CFA338C713417AB2006A2785 /* drqueue.ico */ = {isa = PBXFileReference; lastKnownFileType = image.ico; path = drqueue.ico; sourceTree = "<group>"; };
		CFA338C813417AB2006A2785 /* Form1.cs */ = {isa = PBXFileReference; lastKnownFileType = text; path = Form1.cs; sourceTree = "<group>"; };
		CFA338C913417AB2006A2785 /* ServicesController.cmbx */ = {isa = PBXFileReference; lastKnownFileType = text; path = ServicesController.cmbx; sourceTree = "<group>"; };
		CFA338CA13417AB2006A2785 /* ServicesController.Form1.resources.src.gz */ = {isa = PBXFileReference; lastKnownFileType = archive.gzip; path = ServicesController.Form1.resources.src.gz; sourceTree = "<group>"; };
		CFA338CB13417AB2006A2785 /* ServicesController.prjx */ = {isa = PBXFileReference; lastKnownFileType = text; path = ServicesController.prjx; sourceTree = "<group>"; };
		CFA338CC13417AB2006A2785 /* install_dlls.sh */ = {isa = PBXFileReference; lastKnownFileType = text.script.sh; path = install_dlls.sh; sourceTree = "<group>"; };
		CFA338CE13417AB2006A2785 /* installer.ini */ = {isa = PBXFileReference; lastKnownFileType = text; path = installer.ini; sourceTree = "<group>"; };
		CFA338CF13417AB2006A2785 /* installer.nsi */ = {isa = PBXFileReference; lastKnownFileType = text; path = installer.nsi; sourceTree = "<group>"; };
		CFA338D013417AB2006A2785 /* installer2.ini */ = {isa = PBXFileReference; lastKnownFileType = text; path = installer2.ini; sourceTree = "<group>"; };
		CFA338D113417AB2006A2785 /* nsis2io.nsh */ = {isa = PBXFileReference; lastKnownFileType = text; path = nsis2io.nsh; sourceTree = "<group>"; };
		CFA338D213417AB2006A2785 /* Service.nsh */ = {isa = PBXFileReference; lastKnownFileType = text; path = Service.nsh; sourceTree = "<group>"; };
		CFA338D313417AB2006A2785 /* WriteEnvStr.nsh */ = {isa = PBXFileReference; lastKnownFileType = text; path = WriteEnvStr.nsh; sourceTree = "<group>"; };
		CFA338D513417AB2006A2785 /* drqueue.ico */ = {isa = PBXFileReference; lastKnownFileType = image.ico; path = drqueue.ico; sourceTree = "<group>"; };
		CFA338D613417AB2006A2785 /* drqueue.rc */ = {isa = PBXFileReference; lastKnownFileType = text; path = drqueue.rc; sourceTree = "<group>"; };
		CFA338D713417AB2006A2785 /* led-off.ico */ = {isa = PBXFileReference; lastKnownFileType = image.ico; path = "led-off.ico"; sourceTree = "<group>"; };
		CFA338D813417AB2006A2785 /* led-on.ico */ = {isa = PBXFileReference; lastKnownFileType = image.ico; path = "led-on.ico"; sourceTree = "<group>"; };
		CFA338D913417AB2006A2785 /* Makefile */ = {isa = PBXFileReference; lastKnownFileType = sourcecode.make; path = Makefile; sourceTree = "<group>"; };
		CFA338DB13417AB2006A2785 /* service.cpp */ = {isa = PBXFileReference; lastKnownFileType = sourcecode.cpp.cpp; path = service.cpp; sourceTree = "<group>"; };
		CFA338DE13417AB2006A2785 /* AssemblyInfo.cs */ = {isa = PBXFileReference; lastKnownFileType = text; path = AssemblyInfo.cs; sourceTree = "<group>"; };
		CFA338DF13417AB2006A2785 /* Service-ipc.prjx */ = {isa = PBXFileReference; lastKnownFileType = text; path = "Service-ipc.prjx"; sourceTree = "<group>"; };
		CFA338E013417AB2006A2785 /* Service.cs */ = {isa = PBXFileReference; lastKnownFileType = text; path = Service.cs; sourceTree = "<group>"; };
		CFA338E113417AB2006A2785 /* Services.Service.resources */ = {isa = PBXFileReference; lastKnownFileType = file; path = Services.Service.resources; sourceTree = "<group>"; };
		CFA338E313417AB2006A2785 /* AssemblyInfo.cs */ = {isa = PBXFileReference; lastKnownFileType = text; path = AssemblyInfo.cs; sourceTree = "<group>"; };
		CFA338E413417AB2006A2785 /* Service-master.prjx */ = {isa = PBXFileReference; lastKnownFileType = text; path = "Service-master.prjx"; sourceTree = "<group>"; };
		CFA338E513417AB2006A2785 /* Service.cs */ = {isa = PBXFileReference; lastKnownFileType = text; path = Service.cs; sourceTree = "<group>"; };
		CFA338E613417AB2006A2785 /* Service_master.Service.resources */ = {isa = PBXFileReference; lastKnownFileType = file; path = Service_master.Service.resources; sourceTree = "<group>"; };
		CFA338E713417AB2006A2785 /* Services.cmbx */ = {isa = PBXFileReference; lastKnownFileType = text; path = Services.cmbx; sourceTree = "<group>"; };
		CFA338E913417AB2006A2785 /* Makefile */ = {isa = PBXFileReference; lastKnownFileType = sourcecode.make; path = Makefile; sourceTree = "<group>"; };
		CFA338EA13417AB2006A2785 /* Plugins.prj */ = {isa = PBXFileReference; lastKnownFileType = text; path = Plugins.prj; sourceTree = "<group>"; };
		CFA338EC13417AB2006A2785 /* Splash.d */ = {isa = PBXFileReference; lastKnownFileType = sourcecode.dtrace; path = Splash.d; sourceTree = "<group>"; };
		CFA338ED13417AB2006A2785 /* Splash.cpp */ = {isa = PBXFileReference; lastKnownFileType = sourcecode.cpp.cpp; path = Splash.cpp; sourceTree = "<group>"; };
		CFA338EE13417AB2006A2785 /* Splash.dsp */ = {isa = PBXFileReference; lastKnownFileType = text; path = Splash.dsp; sourceTree = "<group>"; };
		CFA338EF13417AB2006A2785 /* Splash.prj */ = {isa = PBXFileReference; lastKnownFileType = text; path = Splash.prj; sourceTree = "<group>"; };
		CFA338F013417AB2006A2785 /* Splash.pws */ = {isa = PBXFileReference; lastKnownFileType = text; path = Splash.pws; sourceTree = "<group>"; };
		CFA338F113417AB2006A2785 /* Splash.vcproj */ = {isa = PBXFileReference; lastKnownFileType = text.xml; path = Splash.vcproj; sourceTree = "<group>"; };
		CFA338F213417AB2006A2785 /* COPYING */ = {isa = PBXFileReference; lastKnownFileType = text; path = COPYING; sourceTree = "<group>"; };
		CFA338F313417AB2006A2785 /* ctask.c */ = {isa = PBXFileReference; lastKnownFileType = sourcecode.c.c; path = ctask.c; sourceTree = "<group>"; };
		CFA338F613417AB2006A2785 /* delipc.rb */ = {isa = PBXFileReference; lastKnownFileType = text.script.ruby; path = delipc.rb; sourceTree = "<group>"; };
		CFA338F813417AB2006A2785 /* DrQueue_Overview.dia */ = {isa = PBXFileReference; lastKnownFileType = file; path = DrQueue_Overview.dia; sourceTree = "<group>"; };
		CFA338FA13417AB2006A2785 /* drqueue.dia */ = {isa = PBXFileReference; lastKnownFileType = file; path = drqueue.dia; sourceTree = "<group>"; };
		CFA338FB13417AB2006A2785 /* master.dia */ = {isa = PBXFileReference; lastKnownFileType = file; path = master.dia; sourceTree = "<group>"; };
		CFA338FC13417AB2006A2785 /* r_r_availjob.dia */ = {isa = PBXFileReference; lastKnownFileType = file; path = r_r_availjob.dia; sourceTree = "<group>"; };
		CFA338FD13417AB2006A2785 /* slave_sighandlers.dia */ = {isa = PBXFileReference; lastKnownFileType = file; path = slave_sighandlers.dia; sourceTree = "<group>"; };
		CFA338FE13417AB2006A2785 /* states.dia */ = {isa = PBXFileReference; lastKnownFileType = file; path = states.dia; sourceTree = "<group>"; };
		CFA3390013417AB2006A2785 /* drqm_autorefresh.c */ = {isa = PBXFileReference; lastKnownFileType = sourcecode.c.c; path = drqm_autorefresh.c; sourceTree = "<group>"; };
		CFA3390113417AB2006A2785 /* drqm_autorefresh.h */ = {isa = PBXFileReference; lastKnownFileType = sourcecode.c.h; path = drqm_autorefresh.h; sourceTree = "<group>"; };
		CFA3390313417AB2006A2785 /* drqm_common.c */ = {isa = PBXFileReference; lastKnownFileType = sourcecode.c.c; path = drqm_common.c; sourceTree = "<group>"; };
		CFA3390413417AB2006A2785 /* drqm_common.h */ = {isa = PBXFileReference; lastKnownFileType = sourcecode.c.h; path = drqm_common.h; sourceTree = "<group>"; };
		CFA3390613417AB2006A2785 /* drqm_computers.c */ = {isa = PBXFileReference; lastKnownFileType = sourcecode.c.c; path = drqm_computers.c; sourceTree = "<group>"; };
		CFA3390713417AB2006A2785 /* drqm_computers.h */ = {isa = PBXFileReference; lastKnownFileType = sourcecode.c.h; path = drqm_computers.h; sourceTree = "<group>"; };
		CFA3390913417AB2006A2785 /* drqm_cygwin.c */ = {isa = PBXFileReference; lastKnownFileType = sourcecode.c.c; path = drqm_cygwin.c; sourceTree = "<group>"; };
		CFA3390A13417AB2006A2785 /* drqm_cygwin.h */ = {isa = PBXFileReference; lastKnownFileType = sourcecode.c.h; path = drqm_cygwin.h; sourceTree = "<group>"; };
		CFA3390C13417AB2006A2785 /* drqm_globals.c */ = {isa = PBXFileReference; lastKnownFileType = sourcecode.c.c; path = drqm_globals.c; sourceTree = "<group>"; };
		CFA3390D13417AB2006A2785 /* drqm_globals.h */ = {isa = PBXFileReference; lastKnownFileType = sourcecode.c.h; path = drqm_globals.h; sourceTree = "<group>"; };
		CFA3390F13417AB2006A2785 /* drqm_info.c */ = {isa = PBXFileReference; lastKnownFileType = sourcecode.c.c; path = drqm_info.c; sourceTree = "<group>"; };
		CFA3391013417AB2006A2785 /* drqm_info.h */ = {isa = PBXFileReference; lastKnownFileType = sourcecode.c.h; path = drqm_info.h; sourceTree = "<group>"; };
		CFA3391213417AB2006A2785 /* drqm_jobs.c */ = {isa = PBXFileReference; lastKnownFileType = sourcecode.c.c; path = drqm_jobs.c; sourceTree = "<group>"; };
		CFA3391313417AB2006A2785 /* drqm_jobs.h */ = {isa = PBXFileReference; lastKnownFileType = sourcecode.c.h; path = drqm_jobs.h; sourceTree = "<group>"; };
		CFA3391513417AB2006A2785 /* drqm_jobs_3delight.c */ = {isa = PBXFileReference; lastKnownFileType = sourcecode.c.c; path = drqm_jobs_3delight.c; sourceTree = "<group>"; };
		CFA3391613417AB2006A2785 /* drqm_jobs_3delight.h */ = {isa = PBXFileReference; lastKnownFileType = sourcecode.c.h; path = drqm_jobs_3delight.h; sourceTree = "<group>"; };
		CFA3391813417AB2006A2785 /* drqm_jobs_aftereffects.c */ = {isa = PBXFileReference; lastKnownFileType = sourcecode.c.c; path = drqm_jobs_aftereffects.c; sourceTree = "<group>"; };
		CFA3391913417AB2006A2785 /* drqm_jobs_aftereffects.h */ = {isa = PBXFileReference; lastKnownFileType = sourcecode.c.h; path = drqm_jobs_aftereffects.h; sourceTree = "<group>"; };
		CFA3391B13417AB2006A2785 /* drqm_jobs_aqsis.c */ = {isa = PBXFileReference; lastKnownFileType = sourcecode.c.c; path = drqm_jobs_aqsis.c; sourceTree = "<group>"; };
		CFA3391C13417AB2006A2785 /* drqm_jobs_aqsis.h */ = {isa = PBXFileReference; lastKnownFileType = sourcecode.c.h; path = drqm_jobs_aqsis.h; sourceTree = "<group>"; };
		CFA3391E13417AB2006A2785 /* drqm_jobs_blender.c */ = {isa = PBXFileReference; lastKnownFileType = sourcecode.c.c; path = drqm_jobs_blender.c; sourceTree = "<group>"; };
		CFA3391F13417AB2006A2785 /* drqm_jobs_blender.h */ = {isa = PBXFileReference; lastKnownFileType = sourcecode.c.h; path = drqm_jobs_blender.h; sourceTree = "<group>"; };
		CFA3392113417AB2006A2785 /* drqm_jobs_common.h */ = {isa = PBXFileReference; lastKnownFileType = sourcecode.c.h; path = drqm_jobs_common.h; sourceTree = "<group>"; };
		CFA3392213417AB2006A2785 /* drqm_jobs_jdd.c */ = {isa = PBXFileReference; lastKnownFileType = sourcecode.c.c; path = drqm_jobs_jdd.c; sourceTree = "<group>"; };
		CFA3392313417AB2006A2785 /* drqm_jobs_jdd.h */ = {isa = PBXFileReference; lastKnownFileType = sourcecode.c.h; path = drqm_jobs_jdd.h; sourceTree = "<group>"; };
		CFA3392513417AB2006A2785 /* drqm_jobs_lightwave.c */ = {isa = PBXFileReference; lastKnownFileType = sourcecode.c.c; path = drqm_jobs_lightwave.c; sourceTree = "<group>"; };
		CFA3392613417AB2006A2785 /* drqm_jobs_lightwave.h */ = {isa = PBXFileReference; lastKnownFileType = sourcecode.c.h; path = drqm_jobs_lightwave.h; sourceTree = "<group>"; };
		CFA3392813417AB2006A2785 /* drqm_jobs_luxrender.c */ = {isa = PBXFileReference; lastKnownFileType = sourcecode.c.c; path = drqm_jobs_luxrender.c; sourceTree = "<group>"; };
		CFA3392913417AB2006A2785 /* drqm_jobs_luxrender.h */ = {isa = PBXFileReference; lastKnownFileType = sourcecode.c.h; path = drqm_jobs_luxrender.h; sourceTree = "<group>"; };
		CFA3392B13417AB2006A2785 /* drqm_jobs_mantra.c */ = {isa = PBXFileReference; lastKnownFileType = sourcecode.c.c; path = drqm_jobs_mantra.c; sourceTree = "<group>"; };
		CFA3392C13417AB2006A2785 /* drqm_jobs_mantra.h */ = {isa = PBXFileReference; lastKnownFileType = sourcecode.c.h; path = drqm_jobs_mantra.h; sourceTree = "<group>"; };
		CFA3392E13417AB2006A2785 /* drqm_jobs_maya.c */ = {isa = PBXFileReference; lastKnownFileType = sourcecode.c.c; path = drqm_jobs_maya.c; sourceTree = "<group>"; };
		CFA3392F13417AB2006A2785 /* drqm_jobs_maya.h */ = {isa = PBXFileReference; lastKnownFileType = sourcecode.c.h; path = drqm_jobs_maya.h; sourceTree = "<group>"; };
		CFA3393113417AB2006A2785 /* drqm_jobs_mentalray.c */ = {isa = PBXFileReference; lastKnownFileType = sourcecode.c.c; path = drqm_jobs_mentalray.c; sourceTree = "<group>"; };
		CFA3393213417AB2006A2785 /* drqm_jobs_mentalray.h */ = {isa = PBXFileReference; lastKnownFileType = sourcecode.c.h; path = drqm_jobs_mentalray.h; sourceTree = "<group>"; };
		CFA3393413417AB2006A2785 /* drqm_jobs_nuke.c */ = {isa = PBXFileReference; lastKnownFileType = sourcecode.c.c; path = drqm_jobs_nuke.c; sourceTree = "<group>"; };
		CFA3393513417AB2006A2785 /* drqm_jobs_nuke.h */ = {isa = PBXFileReference; lastKnownFileType = sourcecode.c.h; path = drqm_jobs_nuke.h; sourceTree = "<group>"; };
		CFA3393713417AB2006A2785 /* drqm_jobs_pixie.c */ = {isa = PBXFileReference; lastKnownFileType = sourcecode.c.c; path = drqm_jobs_pixie.c; sourceTree = "<group>"; };
		CFA3393813417AB2006A2785 /* drqm_jobs_pixie.h */ = {isa = PBXFileReference; lastKnownFileType = sourcecode.c.h; path = drqm_jobs_pixie.h; sourceTree = "<group>"; };
		CFA3393A13417AB2006A2785 /* drqm_jobs_shake.c */ = {isa = PBXFileReference; lastKnownFileType = sourcecode.c.c; path = drqm_jobs_shake.c; sourceTree = "<group>"; };
		CFA3393B13417AB2006A2785 /* drqm_jobs_shake.h */ = {isa = PBXFileReference; lastKnownFileType = sourcecode.c.h; path = drqm_jobs_shake.h; sourceTree = "<group>"; };
		CFA3393D13417AB2006A2785 /* drqm_jobs_terragen.c */ = {isa = PBXFileReference; lastKnownFileType = sourcecode.c.c; path = drqm_jobs_terragen.c; sourceTree = "<group>"; };
		CFA3393E13417AB2006A2785 /* drqm_jobs_terragen.h */ = {isa = PBXFileReference; lastKnownFileType = sourcecode.c.h; path = drqm_jobs_terragen.h; sourceTree = "<group>"; };
		CFA3394013417AB2006A2785 /* drqm_jobs_turtle.c */ = {isa = PBXFileReference; lastKnownFileType = sourcecode.c.c; path = drqm_jobs_turtle.c; sourceTree = "<group>"; };
		CFA3394113417AB2006A2785 /* drqm_jobs_turtle.h */ = {isa = PBXFileReference; lastKnownFileType = sourcecode.c.h; path = drqm_jobs_turtle.h; sourceTree = "<group>"; };
		CFA3394313417AB2006A2785 /* drqm_jobs_xsi.c */ = {isa = PBXFileReference; lastKnownFileType = sourcecode.c.c; path = drqm_jobs_xsi.c; sourceTree = "<group>"; };
		CFA3394413417AB2006A2785 /* drqm_jobs_xsi.h */ = {isa = PBXFileReference; lastKnownFileType = sourcecode.c.h; path = drqm_jobs_xsi.h; sourceTree = "<group>"; };
		CFA3394613417AB2006A2785 /* drqm_request.c */ = {isa = PBXFileReference; lastKnownFileType = sourcecode.c.c; path = drqm_request.c; sourceTree = "<group>"; };
		CFA3394713417AB2006A2785 /* drqm_request.h */ = {isa = PBXFileReference; lastKnownFileType = sourcecode.c.h; path = drqm_request.h; sourceTree = "<group>"; };
		CFA3394913417AB2006A2785 /* drqman */ = {isa = PBXFileReference; lastKnownFileType = "compiled.mach-o.executable"; path = drqman; sourceTree = "<group>"; };
		CFA3394A13417AB2006A2785 /* drqman.h */ = {isa = PBXFileReference; lastKnownFileType = sourcecode.c.h; path = drqman.h; sourceTree = "<group>"; };
		CFA3394B13417AB2006A2785 /* error.xpm */ = {isa = PBXFileReference; lastKnownFileType = text; path = error.xpm; sourceTree = "<group>"; };
		CFA3394C13417AB2006A2785 /* finished.xpm */ = {isa = PBXFileReference; lastKnownFileType = text; path = finished.xpm; sourceTree = "<group>"; };
		CFA3394E13417AB2006A2785 /* info_icon.xcf */ = {isa = PBXFileReference; lastKnownFileType = file; path = info_icon.xcf; sourceTree = "<group>"; };
		CFA3394F13417AB2006A2785 /* job_icon.xcf */ = {isa = PBXFileReference; lastKnownFileType = file; path = job_icon.xcf; sourceTree = "<group>"; };
		CFA3395013417AB2006A2785 /* slave_icon.xcf */ = {isa = PBXFileReference; lastKnownFileType = file; path = slave_icon.xcf; sourceTree = "<group>"; };
		CFA3395113417AB2006A2785 /* info_icon.h */ = {isa = PBXFileReference; lastKnownFileType = sourcecode.c.h; path = info_icon.h; sourceTree = "<group>"; };
		CFA3395213417AB2006A2785 /* job_icon.h */ = {isa = PBXFileReference; lastKnownFileType = sourcecode.c.h; path = job_icon.h; sourceTree = "<group>"; };
		CFA3395313417AB2006A2785 /* main.c */ = {isa = PBXFileReference; lastKnownFileType = sourcecode.c.c; path = main.c; sourceTree = "<group>"; };
		CFA3395513417AB2006A2785 /* notebook.c */ = {isa = PBXFileReference; lastKnownFileType = sourcecode.c.c; path = notebook.c; sourceTree = "<group>"; };
		CFA3395613417AB2006A2785 /* notebook.h */ = {isa = PBXFileReference; lastKnownFileType = sourcecode.c.h; path = notebook.h; sourceTree = "<group>"; };
		CFA3395813417AB2006A2785 /* running.xpm */ = {isa = PBXFileReference; lastKnownFileType = text; path = running.xpm; sourceTree = "<group>"; };
		CFA3395913417AB2006A2785 /* SConscript */ = {isa = PBXFileReference; lastKnownFileType = text; path = SConscript; sourceTree = "<group>"; };
		CFA3395A13417AB2006A2785 /* slave_icon.h */ = {isa = PBXFileReference; lastKnownFileType = sourcecode.c.h; path = slave_icon.h; sourceTree = "<group>"; };
		CFA3395B13417AB2006A2785 /* waiting.xpm */ = {isa = PBXFileReference; lastKnownFileType = text; path = waiting.xpm; sourceTree = "<group>"; };
		CFA3395C13417AB2006A2785 /* weasel.xpm */ = {isa = PBXFileReference; lastKnownFileType = text; path = weasel.xpm; sourceTree = "<group>"; };
		CFA3395E13417AB2006A2785 /* 3delight_sg.py */ = {isa = PBXFileReference; lastKnownFileType = text.script.python; path = 3delight_sg.py; sourceTree = "<group>"; };
		CFA3395F13417AB2006A2785 /* 3dsmax_sg.py */ = {isa = PBXFileReference; lastKnownFileType = text.script.python; path = 3dsmax_sg.py; sourceTree = "<group>"; };
		CFA3396013417AB2006A2785 /* aftereffects_sg.py */ = {isa = PBXFileReference; lastKnownFileType = text.script.python; path = aftereffects_sg.py; sourceTree = "<group>"; };
		CFA3396113417AB2006A2785 /* aqsis_sg.py */ = {isa = PBXFileReference; lastKnownFileType = text.script.python; path = aqsis_sg.py; sourceTree = "<group>"; };
		CFA3396213417AB2006A2785 /* blender_region_rendering.py */ = {isa = PBXFileReference; lastKnownFileType = text.script.python; path = blender_region_rendering.py; sourceTree = "<group>"; };
		CFA3396313417AB2006A2785 /* blender_same_directory.py */ = {isa = PBXFileReference; lastKnownFileType = text.script.python; path = blender_same_directory.py; sourceTree = "<group>"; };
		CFA3396413417AB2006A2785 /* blender_sg.py */ = {isa = PBXFileReference; lastKnownFileType = text.script.python; path = blender_sg.py; sourceTree = "<group>"; };
		CFA3396513417AB2006A2785 /* cinema4d_sg.py */ = {isa = PBXFileReference; lastKnownFileType = text.script.python; path = cinema4d_sg.py; sourceTree = "<group>"; };
		CFA3396613417AB2006A2785 /* drqman.conf */ = {isa = PBXFileReference; lastKnownFileType = text; path = drqman.conf; sourceTree = "<group>"; };
		CFA3396713417AB2006A2785 /* drqman.rc */ = {isa = PBXFileReference; lastKnownFileType = text; path = drqman.rc; sourceTree = "<group>"; };
		CFA3396813417AB2006A2785 /* general_sg.py */ = {isa = PBXFileReference; lastKnownFileType = text.script.python; path = general_sg.py; sourceTree = "<group>"; };
		CFA3396913417AB2006A2785 /* lightwave_sg.py */ = {isa = PBXFileReference; lastKnownFileType = text.script.python; path = lightwave_sg.py; sourceTree = "<group>"; };
		CFA3396A13417AB2006A2785 /* luxrender_sg.py */ = {isa = PBXFileReference; lastKnownFileType = text.script.python; path = luxrender_sg.py; sourceTree = "<group>"; };
		CFA3396B13417AB2006A2785 /* mantra_sg.py */ = {isa = PBXFileReference; lastKnownFileType = text.script.python; path = mantra_sg.py; sourceTree = "<group>"; };
		CFA3396C13417AB2006A2785 /* master.conf */ = {isa = PBXFileReference; lastKnownFileType = text; path = master.conf; sourceTree = "<group>"; };
		CFA3396D13417AB2006A2785 /* maya_sg.py */ = {isa = PBXFileReference; lastKnownFileType = text.script.python; path = maya_sg.py; sourceTree = "<group>"; };
		CFA3396E13417AB2006A2785 /* mentalray_sg.py */ = {isa = PBXFileReference; lastKnownFileType = text.script.python; path = mentalray_sg.py; sourceTree = "<group>"; };
		CFA3396F13417AB2006A2785 /* nuke_sg.py */ = {isa = PBXFileReference; lastKnownFileType = text.script.python; path = nuke_sg.py; sourceTree = "<group>"; };
		CFA3397013417AB2006A2785 /* pixie_sg.py */ = {isa = PBXFileReference; lastKnownFileType = text.script.python; path = pixie_sg.py; sourceTree = "<group>"; };
		CFA3397113417AB2006A2785 /* shake_sg.py */ = {isa = PBXFileReference; lastKnownFileType = text.script.python; path = shake_sg.py; sourceTree = "<group>"; };
		CFA3397213417AB2006A2785 /* slave.conf */ = {isa = PBXFileReference; lastKnownFileType = text; path = slave.conf; sourceTree = "<group>"; };
		CFA3397313417AB2006A2785 /* terragen_sg.py */ = {isa = PBXFileReference; lastKnownFileType = text.script.python; path = terragen_sg.py; sourceTree = "<group>"; };
		CFA3397413417AB2006A2785 /* turtle_sg.py */ = {isa = PBXFileReference; lastKnownFileType = text.script.python; path = turtle_sg.py; sourceTree = "<group>"; };
		CFA3397513417AB2006A2785 /* vray_sg.py */ = {isa = PBXFileReference; lastKnownFileType = text.script.python; path = vray_sg.py; sourceTree = "<group>"; };
		CFA3397613417AB2006A2785 /* xsi_sg.py */ = {isa = PBXFileReference; lastKnownFileType = text.script.python; path = xsi_sg.py; sourceTree = "<group>"; };
		CFA3397813417AB2006A2785 /* sendjob_maya_example.txt */ = {isa = PBXFileReference; lastKnownFileType = text; path = sendjob_maya_example.txt; sourceTree = "<group>"; };
		CFA3397913417AB2006A2785 /* INSTALL */ = {isa = PBXFileReference; lastKnownFileType = text; path = INSTALL; sourceTree = "<group>"; };
		CFA3397B13417AB2006A2785 /* jobfinfo.c */ = {isa = PBXFileReference; lastKnownFileType = sourcecode.c.c; path = jobfinfo.c; sourceTree = "<group>"; };
		CFA3397E13417AB2006A2785 /* jobinfo.c */ = {isa = PBXFileReference; lastKnownFileType = sourcecode.c.c; path = jobinfo.c; sourceTree = "<group>"; };
		CFA3398113417AB2006A2785 /* 3delightsg.c */ = {isa = PBXFileReference; lastKnownFileType = sourcecode.c.c; path = 3delightsg.c; sourceTree = "<group>"; };
		CFA3398213417AB2006A2785 /* 3delightsg.h */ = {isa = PBXFileReference; lastKnownFileType = sourcecode.c.h; path = 3delightsg.h; sourceTree = "<group>"; };
		CFA3398413417AB2006A2785 /* 3dsmaxsg.c */ = {isa = PBXFileReference; lastKnownFileType = sourcecode.c.c; path = 3dsmaxsg.c; sourceTree = "<group>"; };
		CFA3398513417AB2006A2785 /* 3dsmaxsg.h */ = {isa = PBXFileReference; lastKnownFileType = sourcecode.c.h; path = 3dsmaxsg.h; sourceTree = "<group>"; };
		CFA3398713417AB2006A2785 /* aftereffectssg.c */ = {isa = PBXFileReference; lastKnownFileType = sourcecode.c.c; path = aftereffectssg.c; sourceTree = "<group>"; };
		CFA3398813417AB2006A2785 /* aftereffectssg.h */ = {isa = PBXFileReference; lastKnownFileType = sourcecode.c.h; path = aftereffectssg.h; sourceTree = "<group>"; };
		CFA3398A13417AB2006A2785 /* aqsissg.c */ = {isa = PBXFileReference; lastKnownFileType = sourcecode.c.c; path = aqsissg.c; sourceTree = "<group>"; };
		CFA3398B13417AB2006A2785 /* aqsissg.h */ = {isa = PBXFileReference; lastKnownFileType = sourcecode.c.h; path = aqsissg.h; sourceTree = "<group>"; };
		CFA3398D13417AB2006A2785 /* blendersg.c */ = {isa = PBXFileReference; lastKnownFileType = sourcecode.c.c; path = blendersg.c; sourceTree = "<group>"; };
		CFA3398E13417AB2006A2785 /* blendersg.h */ = {isa = PBXFileReference; lastKnownFileType = sourcecode.c.h; path = blendersg.h; sourceTree = "<group>"; };
		CFA3399013417AB2006A2785 /* cinema4dsg.c */ = {isa = PBXFileReference; lastKnownFileType = sourcecode.c.c; path = cinema4dsg.c; sourceTree = "<group>"; };
		CFA3399113417AB2006A2785 /* cinema4dsg.h */ = {isa = PBXFileReference; lastKnownFileType = sourcecode.c.h; path = cinema4dsg.h; sourceTree = "<group>"; };
		CFA3399313417AB2006A2785 /* common.c */ = {isa = PBXFileReference; lastKnownFileType = sourcecode.c.c; path = common.c; sourceTree = "<group>"; };
		CFA3399413417AB2006A2785 /* common.h */ = {isa = PBXFileReference; lastKnownFileType = sourcecode.c.h; path = common.h; sourceTree = "<group>"; };
		CFA3399613417AB2006A2785 /* communications.c */ = {isa = PBXFileReference; lastKnownFileType = sourcecode.c.c; path = communications.c; sourceTree = "<group>"; };
		CFA3399713417AB2006A2785 /* communications.h */ = {isa = PBXFileReference; lastKnownFileType = sourcecode.c.h; path = communications.h; sourceTree = "<group>"; };
		CFA3399913417AB2006A2785 /* computer.c */ = {isa = PBXFileReference; lastKnownFileType = sourcecode.c.c; path = computer.c; sourceTree = "<group>"; };
		CFA3399A13417AB2006A2785 /* computer.h */ = {isa = PBXFileReference; lastKnownFileType = sourcecode.c.h; path = computer.h; sourceTree = "<group>"; };
		CFA3399C13417AB2006A2785 /* computer_info.c */ = {isa = PBXFileReference; lastKnownFileType = sourcecode.c.c; path = computer_info.c; sourceTree = "<group>"; };
		CFA3399D13417AB2006A2785 /* computer_info.cygwin.h */ = {isa = PBXFileReference; lastKnownFileType = sourcecode.c.h; path = computer_info.cygwin.h; sourceTree = "<group>"; };
		CFA3399E13417AB2006A2785 /* computer_info.freebsd.h */ = {isa = PBXFileReference; lastKnownFileType = sourcecode.c.h; path = computer_info.freebsd.h; sourceTree = "<group>"; };
		CFA3399F13417AB2006A2785 /* computer_info.h */ = {isa = PBXFileReference; lastKnownFileType = sourcecode.c.h; path = computer_info.h; sourceTree = "<group>"; };
		CFA339A013417AB2006A2785 /* computer_info.irix.h */ = {isa = PBXFileReference; lastKnownFileType = sourcecode.c.h; path = computer_info.irix.h; sourceTree = "<group>"; };
		CFA339A113417AB2006A2785 /* computer_info.linux.h */ = {isa = PBXFileReference; lastKnownFileType = sourcecode.c.h; path = computer_info.linux.h; sourceTree = "<group>"; };
		CFA339A313417AB2006A2785 /* computer_info.osx.h */ = {isa = PBXFileReference; lastKnownFileType = sourcecode.c.h; path = computer_info.osx.h; sourceTree = "<group>"; };
		CFA339A413417AB2006A2785 /* computer_pool.c */ = {isa = PBXFileReference; lastKnownFileType = sourcecode.c.c; path = computer_pool.c; sourceTree = "<group>"; };
		CFA339A513417AB2006A2785 /* computer_pool.h */ = {isa = PBXFileReference; lastKnownFileType = sourcecode.c.h; path = computer_pool.h; sourceTree = "<group>"; };
		CFA339A713417AB2006A2785 /* computer_status.c */ = {isa = PBXFileReference; lastKnownFileType = sourcecode.c.c; path = computer_status.c; sourceTree = "<group>"; };
		CFA339A813417AB2006A2785 /* computer_status.h */ = {isa = PBXFileReference; lastKnownFileType = sourcecode.c.h; path = computer_status.h; sourceTree = "<group>"; };
		CFA339AA13417AB2006A2785 /* config.c */ = {isa = PBXFileReference; lastKnownFileType = sourcecode.c.c; path = config.c; sourceTree = "<group>"; };
		CFA339AB13417AB2006A2785 /* config.h */ = {isa = PBXFileReference; lastKnownFileType = sourcecode.c.h; path = config.h; sourceTree = "<group>"; };
		CFA339AD13417AB2006A2785 /* constants.h */ = {isa = PBXFileReference; lastKnownFileType = sourcecode.c.h; path = constants.h; sourceTree = "<group>"; };
		CFA339AE13417AB2006A2785 /* database.c */ = {isa = PBXFileReference; lastKnownFileType = sourcecode.c.c; path = database.c; sourceTree = "<group>"; };
		CFA339AF13417AB2006A2785 /* database.h */ = {isa = PBXFileReference; lastKnownFileType = sourcecode.c.h; path = database.h; sourceTree = "<group>"; };
		CFA339B113417AB2006A2785 /* drerrno.c */ = {isa = PBXFileReference; lastKnownFileType = sourcecode.c.c; path = drerrno.c; sourceTree = "<group>"; };
		CFA339B213417AB2006A2785 /* drerrno.h */ = {isa = PBXFileReference; lastKnownFileType = sourcecode.c.h; path = drerrno.h; sourceTree = "<group>"; };
		CFA339B413417AB2006A2785 /* drq_stat.h */ = {isa = PBXFileReference; lastKnownFileType = sourcecode.c.h; path = drq_stat.h; sourceTree = "<group>"; };
		CFA339B513417AB2006A2785 /* envvars.c */ = {isa = PBXFileReference; lastKnownFileType = sourcecode.c.c; path = envvars.c; sourceTree = "<group>"; };
		CFA339B613417AB2006A2785 /* envvars.h */ = {isa = PBXFileReference; lastKnownFileType = sourcecode.c.h; path = envvars.h; sourceTree = "<group>"; };
		CFA339B813417AB2006A2785 /* generalsg.c */ = {isa = PBXFileReference; lastKnownFileType = sourcecode.c.c; path = generalsg.c; sourceTree = "<group>"; };
		CFA339B913417AB2006A2785 /* generalsg.h */ = {isa = PBXFileReference; lastKnownFileType = sourcecode.c.h; path = generalsg.h; sourceTree = "<group>"; };
		CFA339BB13417AB2006A2785 /* git_rev.h */ = {isa = PBXFileReference; lastKnownFileType = sourcecode.c.h; path = git_rev.h; sourceTree = "<group>"; };
		CFA339BC13417AB2006A2785 /* job.c */ = {isa = PBXFileReference; lastKnownFileType = sourcecode.c.c; path = job.c; sourceTree = "<group>"; };
		CFA339BD13417AB2006A2785 /* job.h */ = {isa = PBXFileReference; lastKnownFileType = sourcecode.c.h; path = job.h; sourceTree = "<group>"; };
		CFA339BF13417AB2006A2785 /* jobscript.c */ = {isa = PBXFileReference; lastKnownFileType = sourcecode.c.c; path = jobscript.c; sourceTree = "<group>"; };
		CFA339C013417AB2006A2785 /* jobscript.h */ = {isa = PBXFileReference; lastKnownFileType = sourcecode.c.h; path = jobscript.h; sourceTree = "<group>"; };
		CFA339C213417AB2006A2785 /* libdrqueue.a */ = {isa = PBXFileReference; lastKnownFileType = archive.ar; path = libdrqueue.a; sourceTree = "<group>"; };
		CFA339C313417AB2006A2785 /* libdrqueue.h */ = {isa = PBXFileReference; lastKnownFileType = sourcecode.c.h; path = libdrqueue.h; sourceTree = "<group>"; };
		CFA339C413417AB2006A2785 /* lightwavesg.c */ = {isa = PBXFileReference; lastKnownFileType = sourcecode.c.c; path = lightwavesg.c; sourceTree = "<group>"; };
		CFA339C513417AB2006A2785 /* lightwavesg.h */ = {isa = PBXFileReference; lastKnownFileType = sourcecode.c.h; path = lightwavesg.h; sourceTree = "<group>"; };
		CFA339C713417AB2006A2785 /* list.c */ = {isa = PBXFileReference; lastKnownFileType = sourcecode.c.c; path = list.c; sourceTree = "<group>"; };
		CFA339C813417AB2006A2785 /* list.h */ = {isa = PBXFileReference; lastKnownFileType = sourcecode.c.h; path = list.h; sourceTree = "<group>"; };
		CFA339CA13417AB2006A2785 /* logger.c */ = {isa = PBXFileReference; lastKnownFileType = sourcecode.c.c; path = logger.c; sourceTree = "<group>"; };
		CFA339CB13417AB2006A2785 /* logger.h */ = {isa = PBXFileReference; lastKnownFileType = sourcecode.c.h; path = logger.h; sourceTree = "<group>"; };
		CFA339CD13417AB2006A2785 /* luxrendersg.c */ = {isa = PBXFileReference; lastKnownFileType = sourcecode.c.c; path = luxrendersg.c; sourceTree = "<group>"; };
		CFA339CE13417AB2006A2785 /* luxrendersg.h */ = {isa = PBXFileReference; lastKnownFileType = sourcecode.c.h; path = luxrendersg.h; sourceTree = "<group>"; };
		CFA339D013417AB2006A2785 /* mantrasg.c */ = {isa = PBXFileReference; lastKnownFileType = sourcecode.c.c; path = mantrasg.c; sourceTree = "<group>"; };
		CFA339D113417AB2006A2785 /* mantrasg.h */ = {isa = PBXFileReference; lastKnownFileType = sourcecode.c.h; path = mantrasg.h; sourceTree = "<group>"; };
		CFA339D313417AB2006A2785 /* mayasg.c */ = {isa = PBXFileReference; lastKnownFileType = sourcecode.c.c; path = mayasg.c; sourceTree = "<group>"; };
		CFA339D413417AB2006A2785 /* mayasg.h */ = {isa = PBXFileReference; lastKnownFileType = sourcecode.c.h; path = mayasg.h; sourceTree = "<group>"; };
		CFA339D613417AB2006A2785 /* mentalraysg.c */ = {isa = PBXFileReference; lastKnownFileType = sourcecode.c.c; path = mentalraysg.c; sourceTree = "<group>"; };
		CFA339D713417AB2006A2785 /* mentalraysg.h */ = {isa = PBXFileReference; lastKnownFileType = sourcecode.c.h; path = mentalraysg.h; sourceTree = "<group>"; };
		CFA339D913417AB2006A2785 /* nukesg.c */ = {isa = PBXFileReference; lastKnownFileType = sourcecode.c.c; path = nukesg.c; sourceTree = "<group>"; };
		CFA339DA13417AB2006A2785 /* nukesg.h */ = {isa = PBXFileReference; lastKnownFileType = sourcecode.c.h; path = nukesg.h; sourceTree = "<group>"; };
		CFA339DC13417AB2006A2785 /* pixiesg.c */ = {isa = PBXFileReference; lastKnownFileType = sourcecode.c.c; path = pixiesg.c; sourceTree = "<group>"; };
		CFA339DD13417AB2006A2785 /* pixiesg.h */ = {isa = PBXFileReference; lastKnownFileType = sourcecode.c.h; path = pixiesg.h; sourceTree = "<group>"; };
		CFA339DF13417AB2006A2785 /* pointer.c */ = {isa = PBXFileReference; lastKnownFileType = sourcecode.c.c; path = pointer.c; sourceTree = "<group>"; };
		CFA339E013417AB2006A2785 /* pointer.h */ = {isa = PBXFileReference; lastKnownFileType = sourcecode.c.h; path = pointer.h; sourceTree = "<group>"; };
		CFA339E213417AB2006A2785 /* request.c */ = {isa = PBXFileReference; lastKnownFileType = sourcecode.c.c; path = request.c; sourceTree = "<group>"; };
		CFA339E313417AB2006A2785 /* request.h */ = {isa = PBXFileReference; lastKnownFileType = sourcecode.c.h; path = request.h; sourceTree = "<group>"; };
		CFA339E513417AB2006A2785 /* request_codes.h */ = {isa = PBXFileReference; lastKnownFileType = sourcecode.c.h; path = request_codes.h; sourceTree = "<group>"; };
		CFA339E613417AB2006A2785 /* request_errors.h */ = {isa = PBXFileReference; lastKnownFileType = sourcecode.c.h; path = request_errors.h; sourceTree = "<group>"; };
		CFA339E713417AB2006A2785 /* SConscript */ = {isa = PBXFileReference; lastKnownFileType = text; path = SConscript; sourceTree = "<group>"; };
		CFA339E813417AB2006A2785 /* semaphores.c */ = {isa = PBXFileReference; lastKnownFileType = sourcecode.c.c; path = semaphores.c; sourceTree = "<group>"; };
		CFA339E913417AB2006A2785 /* semaphores.h */ = {isa = PBXFileReference; lastKnownFileType = sourcecode.c.h; path = semaphores.h; sourceTree = "<group>"; };
		CFA339EB13417AB2006A2785 /* shakesg.c */ = {isa = PBXFileReference; lastKnownFileType = sourcecode.c.c; path = shakesg.c; sourceTree = "<group>"; };
		CFA339EC13417AB2006A2785 /* shakesg.h */ = {isa = PBXFileReference; lastKnownFileType = sourcecode.c.h; path = shakesg.h; sourceTree = "<group>"; };
		CFA339EE13417AB2006A2785 /* slavedb.h */ = {isa = PBXFileReference; lastKnownFileType = sourcecode.c.h; path = slavedb.h; sourceTree = "<group>"; };
		CFA339EF13417AB2006A2785 /* task.c */ = {isa = PBXFileReference; lastKnownFileType = sourcecode.c.c; path = task.c; sourceTree = "<group>"; };
		CFA339F013417AB2006A2785 /* task.h */ = {isa = PBXFileReference; lastKnownFileType = sourcecode.c.h; path = task.h; sourceTree = "<group>"; };
		CFA339F213417AB2006A2785 /* terragensg.c */ = {isa = PBXFileReference; lastKnownFileType = sourcecode.c.c; path = terragensg.c; sourceTree = "<group>"; };
		CFA339F313417AB2006A2785 /* terragensg.h */ = {isa = PBXFileReference; lastKnownFileType = sourcecode.c.h; path = terragensg.h; sourceTree = "<group>"; };
		CFA339F513417AB2006A2785 /* turtlesg.c */ = {isa = PBXFileReference; lastKnownFileType = sourcecode.c.c; path = turtlesg.c; sourceTree = "<group>"; };
		CFA339F613417AB2006A2785 /* turtlesg.h */ = {isa = PBXFileReference; lastKnownFileType = sourcecode.c.h; path = turtlesg.h; sourceTree = "<group>"; };
		CFA339F813417AB2006A2785 /* vraysg.c */ = {isa = PBXFileReference; lastKnownFileType = sourcecode.c.c; path = vraysg.c; sourceTree = "<group>"; };
		CFA339F913417AB2006A2785 /* vraysg.h */ = {isa = PBXFileReference; lastKnownFileType = sourcecode.c.h; path = vraysg.h; sourceTree = "<group>"; };
		CFA339FB13417AB2006A2785 /* xsisg.c */ = {isa = PBXFileReference; lastKnownFileType = sourcecode.c.c; path = xsisg.c; sourceTree = "<group>"; };
		CFA339FC13417AB2006A2785 /* xsisg.h */ = {isa = PBXFileReference; lastKnownFileType = sourcecode.c.h; path = xsisg.h; sourceTree = "<group>"; };
		CFA339FF13417AB2006A2785 /* master.log */ = {isa = PBXFileReference; lastKnownFileType = text; path = master.log; sourceTree = "<group>"; };
		CFA33A0013417AB2006A2785 /* moshe.local.log */ = {isa = PBXFileReference; lastKnownFileType = text; path = moshe.local.log; sourceTree = "<group>"; };
		CFA33A0213417AB2006A2785 /* master.c */ = {isa = PBXFileReference; lastKnownFileType = sourcecode.c.c; path = master.c; sourceTree = "<group>"; };
		CFA33A0313417AB2006A2785 /* master.h */ = {isa = PBXFileReference; lastKnownFileType = sourcecode.c.h; path = master.h; sourceTree = "<group>"; };
		CFA33A0513417AB2006A2785 /* NEWS */ = {isa = PBXFileReference; lastKnownFileType = text; path = NEWS; sourceTree = "<group>"; };
		CFA33A4213417AB2006A2785 /* drkeewee.cgi */ = {isa = PBXFileReference; lastKnownFileType = text; path = drkeewee.cgi; sourceTree = "<group>"; };
		CFA33A4313417AB2006A2785 /* drkeewee.css */ = {isa = PBXFileReference; lastKnownFileType = text.css; path = drkeewee.css; sourceTree = "<group>"; };
		CFA33A4513417AB2006A2785 /* weasel_small.png */ = {isa = PBXFileReference; lastKnownFileType = image.png; path = weasel_small.png; sourceTree = "<group>"; };
		CFA33A4613417AB2006A2785 /* index.html */ = {isa = PBXFileReference; lastKnownFileType = text.html; path = index.html; sourceTree = "<group>"; };
		CFA33A4713417AB2006A2785 /* server */ = {isa = PBXFileReference; lastKnownFileType = text; path = server; sourceTree = "<group>"; };
		CFA33A4913417AB2006A2785 /* example1.py */ = {isa = PBXFileReference; lastKnownFileType = text.script.python; path = example1.py; sourceTree = "<group>"; };
		CFA33A4A13417AB2006A2785 /* example2.py */ = {isa = PBXFileReference; lastKnownFileType = text.script.python; path = example2.py; sourceTree = "<group>"; };
		CFA33A4B13417AB2006A2785 /* example3.py */ = {isa = PBXFileReference; lastKnownFileType = text.script.python; path = example3.py; sourceTree = "<group>"; };
		CFA33A4C13417AB2006A2785 /* example4.py */ = {isa = PBXFileReference; lastKnownFileType = text.script.python; path = example4.py; sourceTree = "<group>"; };
		CFA33A4D13417AB2006A2785 /* example5.py */ = {isa = PBXFileReference; lastKnownFileType = text.script.python; path = example5.py; sourceTree = "<group>"; };
		CFA33A4F13417AB2006A2785 /* .aqsissg.h.swp */ = {isa = PBXFileReference; lastKnownFileType = file; path = .aqsissg.h.swp; sourceTree = "<group>"; };
		CFA33A5013417AB2006A2785 /* 3delightsg.c */ = {isa = PBXFileReference; lastKnownFileType = sourcecode.c.c; path = 3delightsg.c; sourceTree = "<group>"; };
		CFA33A5113417AB2006A2785 /* 3delightsg.h */ = {isa = PBXFileReference; lastKnownFileType = sourcecode.c.h; path = 3delightsg.h; sourceTree = "<group>"; };
		CFA33A5313417AB2006A2785 /* 3dsmaxsg.c */ = {isa = PBXFileReference; lastKnownFileType = sourcecode.c.c; path = 3dsmaxsg.c; sourceTree = "<group>"; };
		CFA33A5413417AB2006A2785 /* 3dsmaxsg.h */ = {isa = PBXFileReference; lastKnownFileType = sourcecode.c.h; path = 3dsmaxsg.h; sourceTree = "<group>"; };
		CFA33A5613417AB2006A2785 /* aftereffectssg.c */ = {isa = PBXFileReference; lastKnownFileType = sourcecode.c.c; path = aftereffectssg.c; sourceTree = "<group>"; };
		CFA33A5713417AB2006A2785 /* aftereffectssg.h */ = {isa = PBXFileReference; lastKnownFileType = sourcecode.c.h; path = aftereffectssg.h; sourceTree = "<group>"; };
		CFA33A5913417AB2006A2785 /* aqsissg.c */ = {isa = PBXFileReference; lastKnownFileType = sourcecode.c.c; path = aqsissg.c; sourceTree = "<group>"; };
		CFA33A5A13417AB2006A2785 /* aqsissg.h */ = {isa = PBXFileReference; lastKnownFileType = sourcecode.c.h; path = aqsissg.h; sourceTree = "<group>"; };
		CFA33A5C13417AB2006A2785 /* blendersg.c */ = {isa = PBXFileReference; lastKnownFileType = sourcecode.c.c; path = blendersg.c; sourceTree = "<group>"; };
		CFA33A5D13417AB2006A2785 /* blendersg.h */ = {isa = PBXFileReference; lastKnownFileType = sourcecode.c.h; path = blendersg.h; sourceTree = "<group>"; };
		CFA33A5F13417AB2006A2785 /* cinema4dsg.c */ = {isa = PBXFileReference; lastKnownFileType = sourcecode.c.c; path = cinema4dsg.c; sourceTree = "<group>"; };
		CFA33A6013417AB2006A2785 /* cinema4dsg.h */ = {isa = PBXFileReference; lastKnownFileType = sourcecode.c.h; path = cinema4dsg.h; sourceTree = "<group>"; };
		CFA33A6213417AB2006A2785 /* common.c */ = {isa = PBXFileReference; lastKnownFileType = sourcecode.c.c; path = common.c; sourceTree = "<group>"; };
		CFA33A6313417AB2006A2785 /* common.h */ = {isa = PBXFileReference; lastKnownFileType = sourcecode.c.h; path = common.h; sourceTree = "<group>"; };
		CFA33A6513417AB2006A2785 /* communications.c */ = {isa = PBXFileReference; lastKnownFileType = sourcecode.c.c; path = communications.c; sourceTree = "<group>"; };
		CFA33A6613417AB2006A2785 /* communications.h */ = {isa = PBXFileReference; lastKnownFileType = sourcecode.c.h; path = communications.h; sourceTree = "<group>"; };
		CFA33A6813417AB2006A2785 /* computer.c */ = {isa = PBXFileReference; lastKnownFileType = sourcecode.c.c; path = computer.c; sourceTree = "<group>"; };
		CFA33A6913417AB2006A2785 /* computer.h */ = {isa = PBXFileReference; lastKnownFileType = sourcecode.c.h; path = computer.h; sourceTree = "<group>"; };
		CFA33A6B13417AB2006A2785 /* computer_info.c */ = {isa = PBXFileReference; lastKnownFileType = sourcecode.c.c; path = computer_info.c; sourceTree = "<group>"; };
		CFA33A6C13417AB2006A2785 /* computer_info.cygwin.h */ = {isa = PBXFileReference; lastKnownFileType = sourcecode.c.h; path = computer_info.cygwin.h; sourceTree = "<group>"; };
		CFA33A6D13417AB2006A2785 /* computer_info.freebsd.h */ = {isa = PBXFileReference; lastKnownFileType = sourcecode.c.h; path = computer_info.freebsd.h; sourceTree = "<group>"; };
		CFA33A6E13417AB2006A2785 /* computer_info.h */ = {isa = PBXFileReference; lastKnownFileType = sourcecode.c.h; path = computer_info.h; sourceTree = "<group>"; };
		CFA33A6F13417AB2006A2785 /* computer_info.irix.h */ = {isa = PBXFileReference; lastKnownFileType = sourcecode.c.h; path = computer_info.irix.h; sourceTree = "<group>"; };
		CFA33A7013417AB2006A2785 /* computer_info.linux.h */ = {isa = PBXFileReference; lastKnownFileType = sourcecode.c.h; path = computer_info.linux.h; sourceTree = "<group>"; };
		CFA33A7213417AB2006A2785 /* computer_info.osx.h */ = {isa = PBXFileReference; lastKnownFileType = sourcecode.c.h; path = computer_info.osx.h; sourceTree = "<group>"; };
		CFA33A7313417AB2006A2785 /* computer_pool.c */ = {isa = PBXFileReference; lastKnownFileType = sourcecode.c.c; path = computer_pool.c; sourceTree = "<group>"; };
		CFA33A7413417AB2006A2785 /* computer_pool.h */ = {isa = PBXFileReference; lastKnownFileType = sourcecode.c.h; path = computer_pool.h; sourceTree = "<group>"; };
		CFA33A7613417AB2006A2785 /* computer_status.c */ = {isa = PBXFileReference; lastKnownFileType = sourcecode.c.c; path = computer_status.c; sourceTree = "<group>"; };
		CFA33A7713417AB2006A2785 /* computer_status.h */ = {isa = PBXFileReference; lastKnownFileType = sourcecode.c.h; path = computer_status.h; sourceTree = "<group>"; };
		CFA33A7913417AB2006A2785 /* config.c */ = {isa = PBXFileReference; lastKnownFileType = sourcecode.c.c; path = config.c; sourceTree = "<group>"; };
		CFA33A7A13417AB2006A2785 /* config.h */ = {isa = PBXFileReference; lastKnownFileType = sourcecode.c.h; path = config.h; sourceTree = "<group>"; };
		CFA33A7C13417AB2006A2785 /* constants.h */ = {isa = PBXFileReference; lastKnownFileType = sourcecode.c.h; path = constants.h; sourceTree = "<group>"; };
		CFA33A7D13417AB2006A2785 /* database.c */ = {isa = PBXFileReference; lastKnownFileType = sourcecode.c.c; path = database.c; sourceTree = "<group>"; };
		CFA33A7E13417AB2006A2785 /* database.h */ = {isa = PBXFileReference; lastKnownFileType = sourcecode.c.h; path = database.h; sourceTree = "<group>"; };
		CFA33A8013417AB2006A2785 /* drerrno.c */ = {isa = PBXFileReference; lastKnownFileType = sourcecode.c.c; path = drerrno.c; sourceTree = "<group>"; };
		CFA33A8113417AB2006A2785 /* drerrno.h */ = {isa = PBXFileReference; lastKnownFileType = sourcecode.c.h; path = drerrno.h; sourceTree = "<group>"; };
		CFA33A8313417AB2006A2785 /* drq_stat.h */ = {isa = PBXFileReference; lastKnownFileType = sourcecode.c.h; path = drq_stat.h; sourceTree = "<group>"; };
		CFA33A8413417AB2006A2785 /* envvars.c */ = {isa = PBXFileReference; lastKnownFileType = sourcecode.c.c; path = envvars.c; sourceTree = "<group>"; };
		CFA33A8513417AB2006A2785 /* envvars.h */ = {isa = PBXFileReference; lastKnownFileType = sourcecode.c.h; path = envvars.h; sourceTree = "<group>"; };
		CFA33A8713417AB2006A2785 /* generalsg.c */ = {isa = PBXFileReference; lastKnownFileType = sourcecode.c.c; path = generalsg.c; sourceTree = "<group>"; };
		CFA33A8813417AB2006A2785 /* generalsg.h */ = {isa = PBXFileReference; lastKnownFileType = sourcecode.c.h; path = generalsg.h; sourceTree = "<group>"; };
		CFA33A8A13417AB2006A2785 /* git_rev.h */ = {isa = PBXFileReference; lastKnownFileType = sourcecode.c.h; path = git_rev.h; sourceTree = "<group>"; };
		CFA33A8B13417AB2006A2785 /* job.c */ = {isa = PBXFileReference; lastKnownFileType = sourcecode.c.c; path = job.c; sourceTree = "<group>"; };
		CFA33A8C13417AB2006A2785 /* job.h */ = {isa = PBXFileReference; lastKnownFileType = sourcecode.c.h; path = job.h; sourceTree = "<group>"; };
		CFA33A8E13417AB2006A2785 /* jobscript.c */ = {isa = PBXFileReference; lastKnownFileType = sourcecode.c.c; path = jobscript.c; sourceTree = "<group>"; };
		CFA33A8F13417AB2006A2785 /* jobscript.h */ = {isa = PBXFileReference; lastKnownFileType = sourcecode.c.h; path = jobscript.h; sourceTree = "<group>"; };
		CFA33A9113417AB2006A2785 /* libdrqueue.a */ = {isa = PBXFileReference; lastKnownFileType = archive.ar; path = libdrqueue.a; sourceTree = "<group>"; };
		CFA33A9213417AB2006A2785 /* libdrqueue.h */ = {isa = PBXFileReference; lastKnownFileType = sourcecode.c.h; path = libdrqueue.h; sourceTree = "<group>"; };
		CFA33A9313417AB2006A2785 /* lightwavesg.c */ = {isa = PBXFileReference; lastKnownFileType = sourcecode.c.c; path = lightwavesg.c; sourceTree = "<group>"; };
		CFA33A9413417AB2006A2785 /* lightwavesg.h */ = {isa = PBXFileReference; lastKnownFileType = sourcecode.c.h; path = lightwavesg.h; sourceTree = "<group>"; };
		CFA33A9613417AB2006A2785 /* list.c */ = {isa = PBXFileReference; lastKnownFileType = sourcecode.c.c; path = list.c; sourceTree = "<group>"; };
		CFA33A9713417AB2006A2785 /* list.h */ = {isa = PBXFileReference; lastKnownFileType = sourcecode.c.h; path = list.h; sourceTree = "<group>"; };
		CFA33A9913417AB2006A2785 /* logger.c */ = {isa = PBXFileReference; lastKnownFileType = sourcecode.c.c; path = logger.c; sourceTree = "<group>"; };
		CFA33A9A13417AB2006A2785 /* logger.h */ = {isa = PBXFileReference; lastKnownFileType = sourcecode.c.h; path = logger.h; sourceTree = "<group>"; };
		CFA33A9C13417AB2006A2785 /* luxrendersg.c */ = {isa = PBXFileReference; lastKnownFileType = sourcecode.c.c; path = luxrendersg.c; sourceTree = "<group>"; };
		CFA33A9D13417AB2006A2785 /* luxrendersg.h */ = {isa = PBXFileReference; lastKnownFileType = sourcecode.c.h; path = luxrendersg.h; sourceTree = "<group>"; };
		CFA33A9F13417AB2006A2785 /* mantrasg.c */ = {isa = PBXFileReference; lastKnownFileType = sourcecode.c.c; path = mantrasg.c; sourceTree = "<group>"; };
		CFA33AA013417AB2006A2785 /* mantrasg.h */ = {isa = PBXFileReference; lastKnownFileType = sourcecode.c.h; path = mantrasg.h; sourceTree = "<group>"; };
		CFA33AA213417AB2006A2785 /* mayasg.c */ = {isa = PBXFileReference; lastKnownFileType = sourcecode.c.c; path = mayasg.c; sourceTree = "<group>"; };
		CFA33AA313417AB2006A2785 /* mayasg.h */ = {isa = PBXFileReference; lastKnownFileType = sourcecode.c.h; path = mayasg.h; sourceTree = "<group>"; };
		CFA33AA513417AB2006A2785 /* mentalraysg.c */ = {isa = PBXFileReference; lastKnownFileType = sourcecode.c.c; path = mentalraysg.c; sourceTree = "<group>"; };
		CFA33AA613417AB2006A2785 /* mentalraysg.h */ = {isa = PBXFileReference; lastKnownFileType = sourcecode.c.h; path = mentalraysg.h; sourceTree = "<group>"; };
		CFA33AA813417AB2006A2785 /* nukesg.c */ = {isa = PBXFileReference; lastKnownFileType = sourcecode.c.c; path = nukesg.c; sourceTree = "<group>"; };
		CFA33AA913417AB2006A2785 /* nukesg.h */ = {isa = PBXFileReference; lastKnownFileType = sourcecode.c.h; path = nukesg.h; sourceTree = "<group>"; };
		CFA33AAB13417AB2006A2785 /* pixiesg.c */ = {isa = PBXFileReference; lastKnownFileType = sourcecode.c.c; path = pixiesg.c; sourceTree = "<group>"; };
		CFA33AAC13417AB2006A2785 /* pixiesg.h */ = {isa = PBXFileReference; lastKnownFileType = sourcecode.c.h; path = pixiesg.h; sourceTree = "<group>"; };
		CFA33AAE13417AB2006A2785 /* pointer.c */ = {isa = PBXFileReference; lastKnownFileType = sourcecode.c.c; path = pointer.c; sourceTree = "<group>"; };
		CFA33AAF13417AB2006A2785 /* pointer.h */ = {isa = PBXFileReference; lastKnownFileType = sourcecode.c.h; path = pointer.h; sourceTree = "<group>"; };
		CFA33AB113417AB2006A2785 /* request.c */ = {isa = PBXFileReference; lastKnownFileType = sourcecode.c.c; path = request.c; sourceTree = "<group>"; };
		CFA33AB213417AB2006A2785 /* request.h */ = {isa = PBXFileReference; lastKnownFileType = sourcecode.c.h; path = request.h; sourceTree = "<group>"; };
		CFA33AB413417AB2006A2785 /* request_codes.h */ = {isa = PBXFileReference; lastKnownFileType = sourcecode.c.h; path = request_codes.h; sourceTree = "<group>"; };
		CFA33AB513417AB2006A2785 /* request_errors.h */ = {isa = PBXFileReference; lastKnownFileType = sourcecode.c.h; path = request_errors.h; sourceTree = "<group>"; };
		CFA33AB613417AB2006A2785 /* SConscript */ = {isa = PBXFileReference; lastKnownFileType = text; path = SConscript; sourceTree = "<group>"; };
		CFA33AB713417AB2006A2785 /* semaphores.c */ = {isa = PBXFileReference; lastKnownFileType = sourcecode.c.c; path = semaphores.c; sourceTree = "<group>"; };
		CFA33AB813417AB2006A2785 /* semaphores.h */ = {isa = PBXFileReference; lastKnownFileType = sourcecode.c.h; path = semaphores.h; sourceTree = "<group>"; };
		CFA33ABA13417AB2006A2785 /* shakesg.c */ = {isa = PBXFileReference; lastKnownFileType = sourcecode.c.c; path = shakesg.c; sourceTree = "<group>"; };
		CFA33ABB13417AB2006A2785 /* shakesg.h */ = {isa = PBXFileReference; lastKnownFileType = sourcecode.c.h; path = shakesg.h; sourceTree = "<group>"; };
		CFA33ABD13417AB2006A2785 /* slavedb.h */ = {isa = PBXFileReference; lastKnownFileType = sourcecode.c.h; path = slavedb.h; sourceTree = "<group>"; };
		CFA33ABE13417AB2006A2785 /* task.c */ = {isa = PBXFileReference; lastKnownFileType = sourcecode.c.c; path = task.c; sourceTree = "<group>"; };
		CFA33ABF13417AB2006A2785 /* task.h */ = {isa = PBXFileReference; lastKnownFileType = sourcecode.c.h; path = task.h; sourceTree = "<group>"; };
		CFA33AC113417AB2006A2785 /* terragensg.c */ = {isa = PBXFileReference; lastKnownFileType = sourcecode.c.c; path = terragensg.c; sourceTree = "<group>"; };
		CFA33AC213417AB2006A2785 /* terragensg.h */ = {isa = PBXFileReference; lastKnownFileType = sourcecode.c.h; path = terragensg.h; sourceTree = "<group>"; };
		CFA33AC413417AB2006A2785 /* turtlesg.c */ = {isa = PBXFileReference; lastKnownFileType = sourcecode.c.c; path = turtlesg.c; sourceTree = "<group>"; };
		CFA33AC513417AB2006A2785 /* turtlesg.h */ = {isa = PBXFileReference; lastKnownFileType = sourcecode.c.h; path = turtlesg.h; sourceTree = "<group>"; };
		CFA33AC713417AB2006A2785 /* vraysg.c */ = {isa = PBXFileReference; lastKnownFileType = sourcecode.c.c; path = vraysg.c; sourceTree = "<group>"; };
		CFA33AC813417AB2006A2785 /* vraysg.h */ = {isa = PBXFileReference; lastKnownFileType = sourcecode.c.h; path = vraysg.h; sourceTree = "<group>"; };
		CFA33ACA13417AB2006A2785 /* xsisg.c */ = {isa = PBXFileReference; lastKnownFileType = sourcecode.c.c; path = xsisg.c; sourceTree = "<group>"; };
		CFA33ACB13417AB2006A2785 /* xsisg.h */ = {isa = PBXFileReference; lastKnownFileType = sourcecode.c.h; path = xsisg.h; sourceTree = "<group>"; };
		CFA33ACD13417AB2006A2785 /* libdrqueue.i */ = {isa = PBXFileReference; lastKnownFileType = sourcecode.c.c.preprocessed; path = libdrqueue.i; sourceTree = "<group>"; };
		CFA33ACE13417AB2006A2785 /* MANIFEST.in */ = {isa = PBXFileReference; lastKnownFileType = text; path = MANIFEST.in; sourceTree = "<group>"; };
		CFA33ACF13417AB2006A2785 /* PKG-INFO */ = {isa = PBXFileReference; lastKnownFileType = text; path = "PKG-INFO"; sourceTree = "<group>"; };
		CFA33AD013417AB2006A2785 /* python_leak_test.py */ = {isa = PBXFileReference; lastKnownFileType = text.script.python; path = python_leak_test.py; sourceTree = "<group>"; };
		CFA33AD113417AB2006A2785 /* README */ = {isa = PBXFileReference; lastKnownFileType = text; path = README; sourceTree = "<group>"; };
		CFA33AD213417AB2006A2785 /* README.darwin */ = {isa = PBXFileReference; lastKnownFileType = text; path = README.darwin; sourceTree = "<group>"; };
		CFA33AD313417AB2006A2785 /* SConscript */ = {isa = PBXFileReference; lastKnownFileType = text; path = SConscript; sourceTree = "<group>"; };
		CFA33AD413417AB3006A2785 /* setup.cfg */ = {isa = PBXFileReference; lastKnownFileType = text; path = setup.cfg; sourceTree = "<group>"; };
		CFA33AD513417AB3006A2785 /* setup.py */ = {isa = PBXFileReference; lastKnownFileType = text.script.python; path = setup.py; sourceTree = "<group>"; };
		CFA33AD813417AB3006A2785 /* __init__.py */ = {isa = PBXFileReference; lastKnownFileType = text.script.python; path = __init__.py; sourceTree = "<group>"; };
		CFA33ADA13417AB3006A2785 /* __init__.py */ = {isa = PBXFileReference; lastKnownFileType = text.script.python; path = __init__.py; sourceTree = "<group>"; };
		CFA33ADB13417AB3006A2785 /* libdrqueue.i */ = {isa = PBXFileReference; lastKnownFileType = sourcecode.c.c.preprocessed; path = libdrqueue.i; sourceTree = "<group>"; };
		CFA33ADC13417AB3006A2785 /* libdrqueue.py */ = {isa = PBXFileReference; lastKnownFileType = text.script.python; path = libdrqueue.py; sourceTree = "<group>"; };
		CFA33ADD13417AB3006A2785 /* libdrqueue_wrap.c */ = {isa = PBXFileReference; lastKnownFileType = sourcecode.c.c; path = libdrqueue_wrap.c; sourceTree = "<group>"; };
		CFA33ADF13417AB3006A2785 /* dependency_links.txt */ = {isa = PBXFileReference; lastKnownFileType = text; path = dependency_links.txt; sourceTree = "<group>"; };
		CFA33AE013417AB3006A2785 /* PKG-INFO */ = {isa = PBXFileReference; lastKnownFileType = text; path = "PKG-INFO"; sourceTree = "<group>"; };
		CFA33AE113417AB3006A2785 /* SOURCES.txt */ = {isa = PBXFileReference; lastKnownFileType = text; path = SOURCES.txt; sourceTree = "<group>"; };
		CFA33AE213417AB3006A2785 /* top_level.txt */ = {isa = PBXFileReference; lastKnownFileType = text; path = top_level.txt; sourceTree = "<group>"; };
		CFA33AE413417AB3006A2785 /* dependency_links.txt */ = {isa = PBXFileReference; lastKnownFileType = text; path = dependency_links.txt; sourceTree = "<group>"; };
		CFA33AE513417AB3006A2785 /* PKG-INFO */ = {isa = PBXFileReference; lastKnownFileType = text; path = "PKG-INFO"; sourceTree = "<group>"; };
		CFA33AE613417AB3006A2785 /* SOURCES.txt */ = {isa = PBXFileReference; lastKnownFileType = text; path = SOURCES.txt; sourceTree = "<group>"; };
		CFA33AE713417AB3006A2785 /* top_level.txt */ = {isa = PBXFileReference; lastKnownFileType = text; path = top_level.txt; sourceTree = "<group>"; };
		CFA33AE813417AB3006A2785 /* README */ = {isa = PBXFileReference; lastKnownFileType = text; path = README; sourceTree = "<group>"; };
		CFA33AE913417AB3006A2785 /* README.darwin */ = {isa = PBXFileReference; lastKnownFileType = text; path = README.darwin; sourceTree = "<group>"; };
		CFA33AEA13417AB3006A2785 /* README.mentalray */ = {isa = PBXFileReference; lastKnownFileType = text; path = README.mentalray; sourceTree = "<group>"; };
		CFA33AEB13417AB3006A2785 /* README.python */ = {isa = PBXFileReference; lastKnownFileType = text; path = README.python; sourceTree = "<group>"; };
		CFA33AEC13417AB3006A2785 /* README.shell_variables */ = {isa = PBXFileReference; lastKnownFileType = text; path = README.shell_variables; sourceTree = "<group>"; };
		CFA33AED13417AB3006A2785 /* README.windows */ = {isa = PBXFileReference; lastKnownFileType = text; path = README.windows; sourceTree = "<group>"; };
		CFA33AEE13417AB3006A2785 /* requeue.c */ = {isa = PBXFileReference; lastKnownFileType = sourcecode.c.c; path = requeue.c; sourceTree = "<group>"; };
		CFA33AF013417AB3006A2785 /* sample.conf */ = {isa = PBXFileReference; lastKnownFileType = text; path = sample.conf; sourceTree = "<group>"; };
		CFA33AF113417AB3006A2785 /* scons.conf */ = {isa = PBXFileReference; lastKnownFileType = text; path = scons.conf; sourceTree = "<group>"; };
		CFA33AF213417AB3006A2785 /* SConstruct */ = {isa = PBXFileReference; lastKnownFileType = text; path = SConstruct; sourceTree = "<group>"; };
		CFA33AF413417AB3006A2785 /* sendjob.cpp */ = {isa = PBXFileReference; lastKnownFileType = sourcecode.cpp.cpp; path = sendjob.cpp; sourceTree = "<group>"; };
		CFA33AF513417AB3006A2785 /* sendjob.h */ = {isa = PBXFileReference; lastKnownFileType = sourcecode.c.h; path = sendjob.h; sourceTree = "<group>"; };
		CFA33AF713417AB3006A2785 /* setenv */ = {isa = PBXFileReference; lastKnownFileType = text; path = setenv; sourceTree = "<group>"; };
		CFA33AF913417AB3006A2785 /* slave.c */ = {isa = PBXFileReference; lastKnownFileType = sourcecode.c.c; path = slave.c; sourceTree = "<group>"; };
		CFA33AFA13417AB3006A2785 /* slave.h */ = {isa = PBXFileReference; lastKnownFileType = sourcecode.c.h; path = slave.h; sourceTree = "<group>"; };
/* End PBXFileReference section */

/* Begin PBXGroup section */
		CFA3387E13417A56006A2785 = {
			isa = PBXGroup;
			children = (
				CFA3388D13417AB1006A2785 /* AUTHORS */,
				CFA3388E13417AB1006A2785 /* bin */,
				CFA338A513417AB1006A2785 /* blockhost.c */,
				CFA338A813417AB1006A2785 /* cfgreader.c */,
				CFA338AA13417AB1006A2785 /* ChangeLog */,
				CFA338AC13417AB1006A2785 /* cjob.c */,
				CFA338AF13417AB1006A2785 /* compinfo.c */,
				CFA338B113417AB2006A2785 /* config.log */,
				CFA338B213417AB2006A2785 /* contrib */,
				CFA338F213417AB2006A2785 /* COPYING */,
				CFA338F313417AB2006A2785 /* ctask.c */,
				CFA338F413417AB2006A2785 /* db */,
				CFA338F613417AB2006A2785 /* delipc.rb */,
				CFA338F713417AB2006A2785 /* diagrams */,
				CFA338FF13417AB2006A2785 /* drqman */,
				CFA3395D13417AB2006A2785 /* etc */,
				CFA3397713417AB2006A2785 /* examples */,
				CFA3397913417AB2006A2785 /* INSTALL */,
				CFA3397B13417AB2006A2785 /* jobfinfo.c */,
				CFA3397E13417AB2006A2785 /* jobinfo.c */,
				CFA3398013417AB2006A2785 /* libdrqueue */,
				CFA339FE13417AB2006A2785 /* logs */,
				CFA33A0213417AB2006A2785 /* master.c */,
				CFA33A0313417AB2006A2785 /* master.h */,
				CFA33A0513417AB2006A2785 /* NEWS */,
				CFA33A0613417AB2006A2785 /* python */,
				CFA33AE813417AB3006A2785 /* README */,
				CFA33AE913417AB3006A2785 /* README.darwin */,
				CFA33AEA13417AB3006A2785 /* README.mentalray */,
				CFA33AEB13417AB3006A2785 /* README.python */,
				CFA33AEC13417AB3006A2785 /* README.shell_variables */,
				CFA33AED13417AB3006A2785 /* README.windows */,
				CFA33AEE13417AB3006A2785 /* requeue.c */,
				CFA33AF013417AB3006A2785 /* sample.conf */,
				CFA33AF113417AB3006A2785 /* scons.conf */,
				CFA33AF213417AB3006A2785 /* SConstruct */,
				CFA33AF413417AB3006A2785 /* sendjob.cpp */,
				CFA33AF513417AB3006A2785 /* sendjob.h */,
				CFA33AF713417AB3006A2785 /* setenv */,
				CFA33AF913417AB3006A2785 /* slave.c */,
				CFA33AFA13417AB3006A2785 /* slave.h */,
			);
			sourceTree = "<group>";
		};
		CFA3388E13417AB1006A2785 /* bin */ = {
			isa = PBXGroup;
			children = (
				CFA3388F13417AB1006A2785 /* blockhost */,
				CFA3389013417AB1006A2785 /* chown_block */,
				CFA3389113417AB1006A2785 /* cjob */,
				CFA3389213417AB1006A2785 /* ctask */,
				CFA3389313417AB1006A2785 /* drqman */,
				CFA3389413417AB1006A2785 /* drqman_win.sh */,
				CFA3389513417AB1006A2785 /* jobfinfo */,
				CFA3389613417AB1006A2785 /* jobinfo */,
				CFA3389713417AB1006A2785 /* master */,
				CFA3389813417AB1006A2785 /* master_osx.sh */,
				CFA3389913417AB1006A2785 /* master_win.sh */,
				CFA3389A13417AB1006A2785 /* requeue */,
				CFA3389B13417AB1006A2785 /* sendjob */,
				CFA3389C13417AB1006A2785 /* shlib */,
				CFA3389D13417AB1006A2785 /* slave */,
				CFA3389E13417AB1006A2785 /* slave_osx.sh */,
				CFA3389F13417AB1006A2785 /* slave_wait_for_master.sh */,
				CFA338A013417AB1006A2785 /* slave_win.sh */,
				CFA338A113417AB1006A2785 /* viewcmd */,
				CFA338A313417AB1006A2785 /* writedefaultenv.py */,
			);
			path = bin;
			sourceTree = "<group>";
		};
		CFA338A113417AB1006A2785 /* viewcmd */ = {
			isa = PBXGroup;
			children = (
				CFA338A213417AB1006A2785 /* imf_batch */,
			);
			path = viewcmd;
			sourceTree = "<group>";
		};
		CFA338B213417AB2006A2785 /* contrib */ = {
			isa = PBXGroup;
			children = (
				CFA338B313417AB2006A2785 /* Fedora */,
				CFA338B513417AB2006A2785 /* Gentoo */,
				CFA338BE13417AB2006A2785 /* MacOSX */,
				CFA338C213417AB2006A2785 /* sendjob.blender.py */,
				CFA338C313417AB2006A2785 /* windows */,
				CFA338E813417AB2006A2785 /* XSI-Splash */,
			);
			path = contrib;
			sourceTree = "<group>";
		};
		CFA338B313417AB2006A2785 /* Fedora */ = {
			isa = PBXGroup;
			children = (
				CFA338B413417AB2006A2785 /* fedora.template */,
			);
			path = Fedora;
			sourceTree = "<group>";
		};
		CFA338B513417AB2006A2785 /* Gentoo */ = {
			isa = PBXGroup;
			children = (
				CFA338B613417AB2006A2785 /* drqueue-0.64.3.ebuild */,
				CFA338B713417AB2006A2785 /* files */,
			);
			path = Gentoo;
			sourceTree = "<group>";
		};
		CFA338B713417AB2006A2785 /* files */ = {
			isa = PBXGroup;
			children = (
				CFA338B813417AB2006A2785 /* conf-drqmd-0.64.3 */,
				CFA338B913417AB2006A2785 /* conf-drqsd-0.64.3 */,
				CFA338BA13417AB2006A2785 /* drqueue-0.64.3_mips_linux.patch */,
				CFA338BB13417AB2006A2785 /* init-drqmd-0.64.3 */,
				CFA338BC13417AB2006A2785 /* init-drqsd-0.64.3 */,
				CFA338BD13417AB2006A2785 /* SConstruct.patch */,
			);
			path = files;
			sourceTree = "<group>";
		};
		CFA338BE13417AB2006A2785 /* MacOSX */ = {
			isa = PBXGroup;
			children = (
				CFA338BF13417AB2006A2785 /* install_launchd.sh */,
				CFA338C013417AB2006A2785 /* org.drqueue.master.plist */,
				CFA338C113417AB2006A2785 /* org.drqueue.Slave.plist */,
			);
			path = MacOSX;
			sourceTree = "<group>";
		};
		CFA338C313417AB2006A2785 /* windows */ = {
			isa = PBXGroup;
			children = (
				CFA338C413417AB2006A2785 /* build_services.sh */,
				CFA338C513417AB2006A2785 /* Controller */,
				CFA338CC13417AB2006A2785 /* install_dlls.sh */,
				CFA338CD13417AB2006A2785 /* Installer */,
				CFA338D413417AB2006A2785 /* Resources */,
				CFA338DA13417AB2006A2785 /* ServiceInstaller */,
				CFA338DC13417AB2006A2785 /* Services */,
			);
			path = windows;
			sourceTree = "<group>";
		};
		CFA338C513417AB2006A2785 /* Controller */ = {
			isa = PBXGroup;
			children = (
				CFA338C613417AB2006A2785 /* AssemblyInfo.cs */,
				CFA338C713417AB2006A2785 /* drqueue.ico */,
				CFA338C813417AB2006A2785 /* Form1.cs */,
				CFA338C913417AB2006A2785 /* ServicesController.cmbx */,
				CFA338CA13417AB2006A2785 /* ServicesController.Form1.resources.src.gz */,
				CFA338CB13417AB2006A2785 /* ServicesController.prjx */,
			);
			path = Controller;
			sourceTree = "<group>";
		};
		CFA338CD13417AB2006A2785 /* Installer */ = {
			isa = PBXGroup;
			children = (
				CFA338CE13417AB2006A2785 /* installer.ini */,
				CFA338CF13417AB2006A2785 /* installer.nsi */,
				CFA338D013417AB2006A2785 /* installer2.ini */,
				CFA338D113417AB2006A2785 /* nsis2io.nsh */,
				CFA338D213417AB2006A2785 /* Service.nsh */,
				CFA338D313417AB2006A2785 /* WriteEnvStr.nsh */,
			);
			path = Installer;
			sourceTree = "<group>";
		};
		CFA338D413417AB2006A2785 /* Resources */ = {
			isa = PBXGroup;
			children = (
				CFA338D513417AB2006A2785 /* drqueue.ico */,
				CFA338D613417AB2006A2785 /* drqueue.rc */,
				CFA338D713417AB2006A2785 /* led-off.ico */,
				CFA338D813417AB2006A2785 /* led-on.ico */,
				CFA338D913417AB2006A2785 /* Makefile */,
			);
			path = Resources;
			sourceTree = "<group>";
		};
		CFA338DA13417AB2006A2785 /* ServiceInstaller */ = {
			isa = PBXGroup;
			children = (
				CFA338DB13417AB2006A2785 /* service.cpp */,
			);
			path = ServiceInstaller;
			sourceTree = "<group>";
		};
		CFA338DC13417AB2006A2785 /* Services */ = {
			isa = PBXGroup;
			children = (
				CFA338DD13417AB2006A2785 /* Service-ipc */,
				CFA338E213417AB2006A2785 /* Service-master */,
				CFA338E713417AB2006A2785 /* Services.cmbx */,
			);
			path = Services;
			sourceTree = "<group>";
		};
		CFA338DD13417AB2006A2785 /* Service-ipc */ = {
			isa = PBXGroup;
			children = (
				CFA338DE13417AB2006A2785 /* AssemblyInfo.cs */,
				CFA338DF13417AB2006A2785 /* Service-ipc.prjx */,
				CFA338E013417AB2006A2785 /* Service.cs */,
				CFA338E113417AB2006A2785 /* Services.Service.resources */,
			);
			path = "Service-ipc";
			sourceTree = "<group>";
		};
		CFA338E213417AB2006A2785 /* Service-master */ = {
			isa = PBXGroup;
			children = (
				CFA338E313417AB2006A2785 /* AssemblyInfo.cs */,
				CFA338E413417AB2006A2785 /* Service-master.prjx */,
				CFA338E513417AB2006A2785 /* Service.cs */,
				CFA338E613417AB2006A2785 /* Service_master.Service.resources */,
			);
			path = "Service-master";
			sourceTree = "<group>";
		};
		CFA338E813417AB2006A2785 /* XSI-Splash */ = {
			isa = PBXGroup;
			children = (
				CFA338E913417AB2006A2785 /* Makefile */,
				CFA338EA13417AB2006A2785 /* Plugins.prj */,
				CFA338EB13417AB2006A2785 /* Release */,
				CFA338ED13417AB2006A2785 /* Splash.cpp */,
				CFA338EE13417AB2006A2785 /* Splash.dsp */,
				CFA338EF13417AB2006A2785 /* Splash.prj */,
				CFA338F013417AB2006A2785 /* Splash.pws */,
				CFA338F113417AB2006A2785 /* Splash.vcproj */,
			);
			path = "XSI-Splash";
			sourceTree = "<group>";
		};
		CFA338EB13417AB2006A2785 /* Release */ = {
			isa = PBXGroup;
			children = (
				CFA338EC13417AB2006A2785 /* Splash.d */,
			);
			path = Release;
			sourceTree = "<group>";
		};
		CFA338F413417AB2006A2785 /* db */ = {
			isa = PBXGroup;
			children = (
			);
			path = db;
			sourceTree = "<group>";
		};
		CFA338F713417AB2006A2785 /* diagrams */ = {
			isa = PBXGroup;
			children = (
				CFA338F813417AB2006A2785 /* DrQueue_Overview.dia */,
				CFA338F913417AB2006A2785 /* outdated */,
			);
			path = diagrams;
			sourceTree = "<group>";
		};
		CFA338F913417AB2006A2785 /* outdated */ = {
			isa = PBXGroup;
			children = (
				CFA338FA13417AB2006A2785 /* drqueue.dia */,
				CFA338FB13417AB2006A2785 /* master.dia */,
				CFA338FC13417AB2006A2785 /* r_r_availjob.dia */,
				CFA338FD13417AB2006A2785 /* slave_sighandlers.dia */,
				CFA338FE13417AB2006A2785 /* states.dia */,
			);
			path = outdated;
			sourceTree = "<group>";
		};
		CFA338FF13417AB2006A2785 /* drqman */ = {
			isa = PBXGroup;
			children = (
				CFA3390013417AB2006A2785 /* drqm_autorefresh.c */,
				CFA3390113417AB2006A2785 /* drqm_autorefresh.h */,
				CFA3390313417AB2006A2785 /* drqm_common.c */,
				CFA3390413417AB2006A2785 /* drqm_common.h */,
				CFA3390613417AB2006A2785 /* drqm_computers.c */,
				CFA3390713417AB2006A2785 /* drqm_computers.h */,
				CFA3390913417AB2006A2785 /* drqm_cygwin.c */,
				CFA3390A13417AB2006A2785 /* drqm_cygwin.h */,
				CFA3390C13417AB2006A2785 /* drqm_globals.c */,
				CFA3390D13417AB2006A2785 /* drqm_globals.h */,
				CFA3390F13417AB2006A2785 /* drqm_info.c */,
				CFA3391013417AB2006A2785 /* drqm_info.h */,
				CFA3391213417AB2006A2785 /* drqm_jobs.c */,
				CFA3391313417AB2006A2785 /* drqm_jobs.h */,
				CFA3391513417AB2006A2785 /* drqm_jobs_3delight.c */,
				CFA3391613417AB2006A2785 /* drqm_jobs_3delight.h */,
				CFA3391813417AB2006A2785 /* drqm_jobs_aftereffects.c */,
				CFA3391913417AB2006A2785 /* drqm_jobs_aftereffects.h */,
				CFA3391B13417AB2006A2785 /* drqm_jobs_aqsis.c */,
				CFA3391C13417AB2006A2785 /* drqm_jobs_aqsis.h */,
				CFA3391E13417AB2006A2785 /* drqm_jobs_blender.c */,
				CFA3391F13417AB2006A2785 /* drqm_jobs_blender.h */,
				CFA3392113417AB2006A2785 /* drqm_jobs_common.h */,
				CFA3392213417AB2006A2785 /* drqm_jobs_jdd.c */,
				CFA3392313417AB2006A2785 /* drqm_jobs_jdd.h */,
				CFA3392513417AB2006A2785 /* drqm_jobs_lightwave.c */,
				CFA3392613417AB2006A2785 /* drqm_jobs_lightwave.h */,
				CFA3392813417AB2006A2785 /* drqm_jobs_luxrender.c */,
				CFA3392913417AB2006A2785 /* drqm_jobs_luxrender.h */,
				CFA3392B13417AB2006A2785 /* drqm_jobs_mantra.c */,
				CFA3392C13417AB2006A2785 /* drqm_jobs_mantra.h */,
				CFA3392E13417AB2006A2785 /* drqm_jobs_maya.c */,
				CFA3392F13417AB2006A2785 /* drqm_jobs_maya.h */,
				CFA3393113417AB2006A2785 /* drqm_jobs_mentalray.c */,
				CFA3393213417AB2006A2785 /* drqm_jobs_mentalray.h */,
				CFA3393413417AB2006A2785 /* drqm_jobs_nuke.c */,
				CFA3393513417AB2006A2785 /* drqm_jobs_nuke.h */,
				CFA3393713417AB2006A2785 /* drqm_jobs_pixie.c */,
				CFA3393813417AB2006A2785 /* drqm_jobs_pixie.h */,
				CFA3393A13417AB2006A2785 /* drqm_jobs_shake.c */,
				CFA3393B13417AB2006A2785 /* drqm_jobs_shake.h */,
				CFA3393D13417AB2006A2785 /* drqm_jobs_terragen.c */,
				CFA3393E13417AB2006A2785 /* drqm_jobs_terragen.h */,
				CFA3394013417AB2006A2785 /* drqm_jobs_turtle.c */,
				CFA3394113417AB2006A2785 /* drqm_jobs_turtle.h */,
				CFA3394313417AB2006A2785 /* drqm_jobs_xsi.c */,
				CFA3394413417AB2006A2785 /* drqm_jobs_xsi.h */,
				CFA3394613417AB2006A2785 /* drqm_request.c */,
				CFA3394713417AB2006A2785 /* drqm_request.h */,
				CFA3394913417AB2006A2785 /* drqman */,
				CFA3394A13417AB2006A2785 /* drqman.h */,
				CFA3394B13417AB2006A2785 /* error.xpm */,
				CFA3394C13417AB2006A2785 /* finished.xpm */,
				CFA3394D13417AB2006A2785 /* icons */,
				CFA3395113417AB2006A2785 /* info_icon.h */,
				CFA3395213417AB2006A2785 /* job_icon.h */,
				CFA3395313417AB2006A2785 /* main.c */,
				CFA3395513417AB2006A2785 /* notebook.c */,
				CFA3395613417AB2006A2785 /* notebook.h */,
				CFA3395813417AB2006A2785 /* running.xpm */,
				CFA3395913417AB2006A2785 /* SConscript */,
				CFA3395A13417AB2006A2785 /* slave_icon.h */,
				CFA3395B13417AB2006A2785 /* waiting.xpm */,
				CFA3395C13417AB2006A2785 /* weasel.xpm */,
			);
			path = drqman;
			sourceTree = "<group>";
		};
		CFA3394D13417AB2006A2785 /* icons */ = {
			isa = PBXGroup;
			children = (
				CFA3394E13417AB2006A2785 /* info_icon.xcf */,
				CFA3394F13417AB2006A2785 /* job_icon.xcf */,
				CFA3395013417AB2006A2785 /* slave_icon.xcf */,
			);
			path = icons;
			sourceTree = "<group>";
		};
		CFA3395D13417AB2006A2785 /* etc */ = {
			isa = PBXGroup;
			children = (
				CFA3395E13417AB2006A2785 /* 3delight_sg.py */,
				CFA3395F13417AB2006A2785 /* 3dsmax_sg.py */,
				CFA3396013417AB2006A2785 /* aftereffects_sg.py */,
				CFA3396113417AB2006A2785 /* aqsis_sg.py */,
				CFA3396213417AB2006A2785 /* blender_region_rendering.py */,
				CFA3396313417AB2006A2785 /* blender_same_directory.py */,
				CFA3396413417AB2006A2785 /* blender_sg.py */,
				CFA3396513417AB2006A2785 /* cinema4d_sg.py */,
				CFA3396613417AB2006A2785 /* drqman.conf */,
				CFA3396713417AB2006A2785 /* drqman.rc */,
				CFA3396813417AB2006A2785 /* general_sg.py */,
				CFA3396913417AB2006A2785 /* lightwave_sg.py */,
				CFA3396A13417AB2006A2785 /* luxrender_sg.py */,
				CFA3396B13417AB2006A2785 /* mantra_sg.py */,
				CFA3396C13417AB2006A2785 /* master.conf */,
				CFA3396D13417AB2006A2785 /* maya_sg.py */,
				CFA3396E13417AB2006A2785 /* mentalray_sg.py */,
				CFA3396F13417AB2006A2785 /* nuke_sg.py */,
				CFA3397013417AB2006A2785 /* pixie_sg.py */,
				CFA3397113417AB2006A2785 /* shake_sg.py */,
				CFA3397213417AB2006A2785 /* slave.conf */,
				CFA3397313417AB2006A2785 /* terragen_sg.py */,
				CFA3397413417AB2006A2785 /* turtle_sg.py */,
				CFA3397513417AB2006A2785 /* vray_sg.py */,
				CFA3397613417AB2006A2785 /* xsi_sg.py */,
			);
			path = etc;
			sourceTree = "<group>";
		};
		CFA3397713417AB2006A2785 /* examples */ = {
			isa = PBXGroup;
			children = (
				CFA3397813417AB2006A2785 /* sendjob_maya_example.txt */,
			);
			path = examples;
			sourceTree = "<group>";
		};
		CFA3398013417AB2006A2785 /* libdrqueue */ = {
			isa = PBXGroup;
			children = (
				CFA3398113417AB2006A2785 /* 3delightsg.c */,
				CFA3398213417AB2006A2785 /* 3delightsg.h */,
				CFA3398413417AB2006A2785 /* 3dsmaxsg.c */,
				CFA3398513417AB2006A2785 /* 3dsmaxsg.h */,
				CFA3398713417AB2006A2785 /* aftereffectssg.c */,
				CFA3398813417AB2006A2785 /* aftereffectssg.h */,
				CFA3398A13417AB2006A2785 /* aqsissg.c */,
				CFA3398B13417AB2006A2785 /* aqsissg.h */,
				CFA3398D13417AB2006A2785 /* blendersg.c */,
				CFA3398E13417AB2006A2785 /* blendersg.h */,
				CFA3399013417AB2006A2785 /* cinema4dsg.c */,
				CFA3399113417AB2006A2785 /* cinema4dsg.h */,
				CFA3399313417AB2006A2785 /* common.c */,
				CFA3399413417AB2006A2785 /* common.h */,
				CFA3399613417AB2006A2785 /* communications.c */,
				CFA3399713417AB2006A2785 /* communications.h */,
				CFA3399913417AB2006A2785 /* computer.c */,
				CFA3399A13417AB2006A2785 /* computer.h */,
				CFA3399C13417AB2006A2785 /* computer_info.c */,
				CFA3399D13417AB2006A2785 /* computer_info.cygwin.h */,
				CFA3399E13417AB2006A2785 /* computer_info.freebsd.h */,
				CFA3399F13417AB2006A2785 /* computer_info.h */,
				CFA339A013417AB2006A2785 /* computer_info.irix.h */,
				CFA339A113417AB2006A2785 /* computer_info.linux.h */,
				CFA339A313417AB2006A2785 /* computer_info.osx.h */,
				CFA339A413417AB2006A2785 /* computer_pool.c */,
				CFA339A513417AB2006A2785 /* computer_pool.h */,
				CFA339A713417AB2006A2785 /* computer_status.c */,
				CFA339A813417AB2006A2785 /* computer_status.h */,
				CFA339AA13417AB2006A2785 /* config.c */,
				CFA339AB13417AB2006A2785 /* config.h */,
				CFA339AD13417AB2006A2785 /* constants.h */,
				CFA339AE13417AB2006A2785 /* database.c */,
				CFA339AF13417AB2006A2785 /* database.h */,
				CFA339B113417AB2006A2785 /* drerrno.c */,
				CFA339B213417AB2006A2785 /* drerrno.h */,
				CFA339B413417AB2006A2785 /* drq_stat.h */,
				CFA339B513417AB2006A2785 /* envvars.c */,
				CFA339B613417AB2006A2785 /* envvars.h */,
				CFA339B813417AB2006A2785 /* generalsg.c */,
				CFA339B913417AB2006A2785 /* generalsg.h */,
				CFA339BB13417AB2006A2785 /* git_rev.h */,
				CFA339BC13417AB2006A2785 /* job.c */,
				CFA339BD13417AB2006A2785 /* job.h */,
				CFA339BF13417AB2006A2785 /* jobscript.c */,
				CFA339C013417AB2006A2785 /* jobscript.h */,
				CFA339C213417AB2006A2785 /* libdrqueue.a */,
				CFA339C313417AB2006A2785 /* libdrqueue.h */,
				CFA339C413417AB2006A2785 /* lightwavesg.c */,
				CFA339C513417AB2006A2785 /* lightwavesg.h */,
				CFA339C713417AB2006A2785 /* list.c */,
				CFA339C813417AB2006A2785 /* list.h */,
				CFA339CA13417AB2006A2785 /* logger.c */,
				CFA339CB13417AB2006A2785 /* logger.h */,
				CFA339CD13417AB2006A2785 /* luxrendersg.c */,
				CFA339CE13417AB2006A2785 /* luxrendersg.h */,
				CFA339D013417AB2006A2785 /* mantrasg.c */,
				CFA339D113417AB2006A2785 /* mantrasg.h */,
				CFA339D313417AB2006A2785 /* mayasg.c */,
				CFA339D413417AB2006A2785 /* mayasg.h */,
				CFA339D613417AB2006A2785 /* mentalraysg.c */,
				CFA339D713417AB2006A2785 /* mentalraysg.h */,
				CFA339D913417AB2006A2785 /* nukesg.c */,
				CFA339DA13417AB2006A2785 /* nukesg.h */,
				CFA339DC13417AB2006A2785 /* pixiesg.c */,
				CFA339DD13417AB2006A2785 /* pixiesg.h */,
				CFA339DF13417AB2006A2785 /* pointer.c */,
				CFA339E013417AB2006A2785 /* pointer.h */,
				CFA339E213417AB2006A2785 /* request.c */,
				CFA339E313417AB2006A2785 /* request.h */,
				CFA339E513417AB2006A2785 /* request_codes.h */,
				CFA339E613417AB2006A2785 /* request_errors.h */,
				CFA339E713417AB2006A2785 /* SConscript */,
				CFA339E813417AB2006A2785 /* semaphores.c */,
				CFA339E913417AB2006A2785 /* semaphores.h */,
				CFA339EB13417AB2006A2785 /* shakesg.c */,
				CFA339EC13417AB2006A2785 /* shakesg.h */,
				CFA339EE13417AB2006A2785 /* slavedb.h */,
				CFA339EF13417AB2006A2785 /* task.c */,
				CFA339F013417AB2006A2785 /* task.h */,
				CFA339F213417AB2006A2785 /* terragensg.c */,
				CFA339F313417AB2006A2785 /* terragensg.h */,
				CFA339F513417AB2006A2785 /* turtlesg.c */,
				CFA339F613417AB2006A2785 /* turtlesg.h */,
				CFA339F813417AB2006A2785 /* vraysg.c */,
				CFA339F913417AB2006A2785 /* vraysg.h */,
				CFA339FB13417AB2006A2785 /* xsisg.c */,
				CFA339FC13417AB2006A2785 /* xsisg.h */,
			);
			path = libdrqueue;
			sourceTree = "<group>";
		};
		CFA339FE13417AB2006A2785 /* logs */ = {
			isa = PBXGroup;
			children = (
				CFA339FF13417AB2006A2785 /* master.log */,
				CFA33A0013417AB2006A2785 /* moshe.local.log */,
			);
			path = logs;
			sourceTree = "<group>";
		};
		CFA33A0613417AB2006A2785 /* python */ = {
			isa = PBXGroup;
			children = (
				CFA33A4013417AB2006A2785 /* DrKeewee */,
				CFA33A4813417AB2006A2785 /* examples */,
				CFA33A4E13417AB2006A2785 /* libdrqueue */,
				CFA33ACD13417AB2006A2785 /* libdrqueue.i */,
				CFA33ACE13417AB2006A2785 /* MANIFEST.in */,
				CFA33ACF13417AB2006A2785 /* PKG-INFO */,
				CFA33AD013417AB2006A2785 /* python_leak_test.py */,
				CFA33AD113417AB2006A2785 /* README */,
				CFA33AD213417AB2006A2785 /* README.darwin */,
				CFA33AD313417AB2006A2785 /* SConscript */,
				CFA33AD413417AB3006A2785 /* setup.cfg */,
				CFA33AD513417AB3006A2785 /* setup.py */,
				CFA33AD613417AB3006A2785 /* src */,
			);
			path = python;
			sourceTree = "<group>";
		};
		CFA33A4013417AB2006A2785 /* DrKeewee */ = {
			isa = PBXGroup;
			children = (
				CFA33A4113417AB2006A2785 /* cgi-bin */,
				CFA33A4313417AB2006A2785 /* drkeewee.css */,
				CFA33A4413417AB2006A2785 /* images */,
				CFA33A4613417AB2006A2785 /* index.html */,
				CFA33A4713417AB2006A2785 /* server */,
			);
			path = DrKeewee;
			sourceTree = "<group>";
		};
		CFA33A4113417AB2006A2785 /* cgi-bin */ = {
			isa = PBXGroup;
			children = (
				CFA33A4213417AB2006A2785 /* drkeewee.cgi */,
			);
			path = "cgi-bin";
			sourceTree = "<group>";
		};
		CFA33A4413417AB2006A2785 /* images */ = {
			isa = PBXGroup;
			children = (
				CFA33A4513417AB2006A2785 /* weasel_small.png */,
			);
			path = images;
			sourceTree = "<group>";
		};
		CFA33A4813417AB2006A2785 /* examples */ = {
			isa = PBXGroup;
			children = (
				CFA33A4913417AB2006A2785 /* example1.py */,
				CFA33A4A13417AB2006A2785 /* example2.py */,
				CFA33A4B13417AB2006A2785 /* example3.py */,
				CFA33A4C13417AB2006A2785 /* example4.py */,
				CFA33A4D13417AB2006A2785 /* example5.py */,
			);
			path = examples;
			sourceTree = "<group>";
		};
		CFA33A4E13417AB2006A2785 /* libdrqueue */ = {
			isa = PBXGroup;
			children = (
				CFA33A4F13417AB2006A2785 /* .aqsissg.h.swp */,
				CFA33A5013417AB2006A2785 /* 3delightsg.c */,
				CFA33A5113417AB2006A2785 /* 3delightsg.h */,
				CFA33A5313417AB2006A2785 /* 3dsmaxsg.c */,
				CFA33A5413417AB2006A2785 /* 3dsmaxsg.h */,
				CFA33A5613417AB2006A2785 /* aftereffectssg.c */,
				CFA33A5713417AB2006A2785 /* aftereffectssg.h */,
				CFA33A5913417AB2006A2785 /* aqsissg.c */,
				CFA33A5A13417AB2006A2785 /* aqsissg.h */,
				CFA33A5C13417AB2006A2785 /* blendersg.c */,
				CFA33A5D13417AB2006A2785 /* blendersg.h */,
				CFA33A5F13417AB2006A2785 /* cinema4dsg.c */,
				CFA33A6013417AB2006A2785 /* cinema4dsg.h */,
				CFA33A6213417AB2006A2785 /* common.c */,
				CFA33A6313417AB2006A2785 /* common.h */,
				CFA33A6513417AB2006A2785 /* communications.c */,
				CFA33A6613417AB2006A2785 /* communications.h */,
				CFA33A6813417AB2006A2785 /* computer.c */,
				CFA33A6913417AB2006A2785 /* computer.h */,
				CFA33A6B13417AB2006A2785 /* computer_info.c */,
				CFA33A6C13417AB2006A2785 /* computer_info.cygwin.h */,
				CFA33A6D13417AB2006A2785 /* computer_info.freebsd.h */,
				CFA33A6E13417AB2006A2785 /* computer_info.h */,
				CFA33A6F13417AB2006A2785 /* computer_info.irix.h */,
				CFA33A7013417AB2006A2785 /* computer_info.linux.h */,
				CFA33A7213417AB2006A2785 /* computer_info.osx.h */,
				CFA33A7313417AB2006A2785 /* computer_pool.c */,
				CFA33A7413417AB2006A2785 /* computer_pool.h */,
				CFA33A7613417AB2006A2785 /* computer_status.c */,
				CFA33A7713417AB2006A2785 /* computer_status.h */,
				CFA33A7913417AB2006A2785 /* config.c */,
				CFA33A7A13417AB2006A2785 /* config.h */,
				CFA33A7C13417AB2006A2785 /* constants.h */,
				CFA33A7D13417AB2006A2785 /* database.c */,
				CFA33A7E13417AB2006A2785 /* database.h */,
				CFA33A8013417AB2006A2785 /* drerrno.c */,
				CFA33A8113417AB2006A2785 /* drerrno.h */,
				CFA33A8313417AB2006A2785 /* drq_stat.h */,
				CFA33A8413417AB2006A2785 /* envvars.c */,
				CFA33A8513417AB2006A2785 /* envvars.h */,
				CFA33A8713417AB2006A2785 /* generalsg.c */,
				CFA33A8813417AB2006A2785 /* generalsg.h */,
				CFA33A8A13417AB2006A2785 /* git_rev.h */,
				CFA33A8B13417AB2006A2785 /* job.c */,
				CFA33A8C13417AB2006A2785 /* job.h */,
				CFA33A8E13417AB2006A2785 /* jobscript.c */,
				CFA33A8F13417AB2006A2785 /* jobscript.h */,
				CFA33A9113417AB2006A2785 /* libdrqueue.a */,
				CFA33A9213417AB2006A2785 /* libdrqueue.h */,
				CFA33A9313417AB2006A2785 /* lightwavesg.c */,
				CFA33A9413417AB2006A2785 /* lightwavesg.h */,
				CFA33A9613417AB2006A2785 /* list.c */,
				CFA33A9713417AB2006A2785 /* list.h */,
				CFA33A9913417AB2006A2785 /* logger.c */,
				CFA33A9A13417AB2006A2785 /* logger.h */,
				CFA33A9C13417AB2006A2785 /* luxrendersg.c */,
				CFA33A9D13417AB2006A2785 /* luxrendersg.h */,
				CFA33A9F13417AB2006A2785 /* mantrasg.c */,
				CFA33AA013417AB2006A2785 /* mantrasg.h */,
				CFA33AA213417AB2006A2785 /* mayasg.c */,
				CFA33AA313417AB2006A2785 /* mayasg.h */,
				CFA33AA513417AB2006A2785 /* mentalraysg.c */,
				CFA33AA613417AB2006A2785 /* mentalraysg.h */,
				CFA33AA813417AB2006A2785 /* nukesg.c */,
				CFA33AA913417AB2006A2785 /* nukesg.h */,
				CFA33AAB13417AB2006A2785 /* pixiesg.c */,
				CFA33AAC13417AB2006A2785 /* pixiesg.h */,
				CFA33AAE13417AB2006A2785 /* pointer.c */,
				CFA33AAF13417AB2006A2785 /* pointer.h */,
				CFA33AB113417AB2006A2785 /* request.c */,
				CFA33AB213417AB2006A2785 /* request.h */,
				CFA33AB413417AB2006A2785 /* request_codes.h */,
				CFA33AB513417AB2006A2785 /* request_errors.h */,
				CFA33AB613417AB2006A2785 /* SConscript */,
				CFA33AB713417AB2006A2785 /* semaphores.c */,
				CFA33AB813417AB2006A2785 /* semaphores.h */,
				CFA33ABA13417AB2006A2785 /* shakesg.c */,
				CFA33ABB13417AB2006A2785 /* shakesg.h */,
				CFA33ABD13417AB2006A2785 /* slavedb.h */,
				CFA33ABE13417AB2006A2785 /* task.c */,
				CFA33ABF13417AB2006A2785 /* task.h */,
				CFA33AC113417AB2006A2785 /* terragensg.c */,
				CFA33AC213417AB2006A2785 /* terragensg.h */,
				CFA33AC413417AB2006A2785 /* turtlesg.c */,
				CFA33AC513417AB2006A2785 /* turtlesg.h */,
				CFA33AC713417AB2006A2785 /* vraysg.c */,
				CFA33AC813417AB2006A2785 /* vraysg.h */,
				CFA33ACA13417AB2006A2785 /* xsisg.c */,
				CFA33ACB13417AB2006A2785 /* xsisg.h */,
			);
			path = libdrqueue;
			sourceTree = "<group>";
		};
		CFA33AD613417AB3006A2785 /* src */ = {
			isa = PBXGroup;
			children = (
				CFA33AD713417AB3006A2785 /* drqueue */,
				CFA33ADE13417AB3006A2785 /* drqueue.egg-info */,
				CFA33AE313417AB3006A2785 /* PyDrQueue.egg-info */,
			);
			path = src;
			sourceTree = "<group>";
		};
		CFA33AD713417AB3006A2785 /* drqueue */ = {
			isa = PBXGroup;
			children = (
				CFA33AD813417AB3006A2785 /* __init__.py */,
				CFA33AD913417AB3006A2785 /* base */,
			);
			path = drqueue;
			sourceTree = "<group>";
		};
		CFA33AD913417AB3006A2785 /* base */ = {
			isa = PBXGroup;
			children = (
				CFA33ADA13417AB3006A2785 /* __init__.py */,
				CFA33ADB13417AB3006A2785 /* libdrqueue.i */,
				CFA33ADC13417AB3006A2785 /* libdrqueue.py */,
				CFA33ADD13417AB3006A2785 /* libdrqueue_wrap.c */,
			);
			path = base;
			sourceTree = "<group>";
		};
		CFA33ADE13417AB3006A2785 /* drqueue.egg-info */ = {
			isa = PBXGroup;
			children = (
				CFA33ADF13417AB3006A2785 /* dependency_links.txt */,
				CFA33AE013417AB3006A2785 /* PKG-INFO */,
				CFA33AE113417AB3006A2785 /* SOURCES.txt */,
				CFA33AE213417AB3006A2785 /* top_level.txt */,
			);
			path = "drqueue.egg-info";
			sourceTree = "<group>";
		};
		CFA33AE313417AB3006A2785 /* PyDrQueue.egg-info */ = {
			isa = PBXGroup;
			children = (
				CFA33AE413417AB3006A2785 /* dependency_links.txt */,
				CFA33AE513417AB3006A2785 /* PKG-INFO */,
				CFA33AE613417AB3006A2785 /* SOURCES.txt */,
				CFA33AE713417AB3006A2785 /* top_level.txt */,
			);
			path = "PyDrQueue.egg-info";
			sourceTree = "<group>";
		};
/* End PBXGroup section */

/* Begin PBXProject section */
		CFA3388013417A56006A2785 /* Project object */ = {
			isa = PBXProject;
			buildConfigurationList = CFA3388313417A56006A2785 /* Build configuration list for PBXProject "DrQueue" */;
			compatibilityVersion = "Xcode 3.2";
			developmentRegion = English;
			hasScannedForEncodings = 0;
			knownRegions = (
				en,
			);
			mainGroup = CFA3387E13417A56006A2785;
			projectDirPath = "";
			projectRoot = "";
			targets = (
			);
		};
/* End PBXProject section */

/* Begin XCBuildConfiguration section */
		CFA3388513417A56006A2785 /* Debug */ = {
			isa = XCBuildConfiguration;
			buildSettings = {
			};
			name = Debug;
		};
		CFA3388613417A56006A2785 /* Release */ = {
			isa = XCBuildConfiguration;
			buildSettings = {
			};
			name = Release;
		};
/* End XCBuildConfiguration section */

/* Begin XCConfigurationList section */
		CFA3388313417A56006A2785 /* Build configuration list for PBXProject "DrQueue" */ = {
			isa = XCConfigurationList;
			buildConfigurations = (
				CFA3388513417A56006A2785 /* Debug */,
				CFA3388613417A56006A2785 /* Release */,
			);
			defaultConfigurationIsVisible = 0;
			defaultConfigurationName = Release;
		};
/* End XCConfigurationList section */
	};
	rootObject = CFA3388013417A56006A2785 /* Project object */;
}
